<?xml version="1.0" encoding="utf-8"?>
<Project ToolsVersion="4.0" xmlns="http://schemas.microsoft.com/developer/msbuild/2003">
  <ItemGroup>
    <Filter Include="lvgl">
      <UniqueIdentifier>{592cfa97-b3e9-4a9c-a760-c3abc45ec53d}</UniqueIdentifier>
    </Filter>
    <Filter Include="lvgl\.github">
      <UniqueIdentifier>{7ced761d-7c44-4fe7-8baf-4312ff94721f}</UniqueIdentifier>
    </Filter>
    <Filter Include="lvgl\.github\ISSUE_TEMPLATE">
      <UniqueIdentifier>{eb47f50a-71a7-440c-a921-b42a4c7d338c}</UniqueIdentifier>
    </Filter>
    <Filter Include="lvgl\.github\workflows">
      <UniqueIdentifier>{14efdac8-4198-43f9-8590-56fceead5346}</UniqueIdentifier>
    </Filter>
    <Filter Include="lvgl\docs">
      <UniqueIdentifier>{0612e262-2e86-4e85-b5fe-d32a127c576f}</UniqueIdentifier>
    </Filter>
    <Filter Include="lvgl\docs\get-started">
      <UniqueIdentifier>{ef17b792-1714-4374-b123-2460a3d3a0ac}</UniqueIdentifier>
    </Filter>
    <Filter Include="lvgl\docs\get-started\bindings">
      <UniqueIdentifier>{2a08ad43-b04c-470b-a35d-0a2401069995}</UniqueIdentifier>
    </Filter>
    <Filter Include="lvgl\docs\get-started\os">
      <UniqueIdentifier>{0c2d0c5a-839c-40b0-951e-f814161dd358}</UniqueIdentifier>
    </Filter>
    <Filter Include="lvgl\docs\get-started\platforms">
      <UniqueIdentifier>{1850a51a-ea8e-4513-a6c7-732b2d0c7e8d}</UniqueIdentifier>
    </Filter>
    <Filter Include="lvgl\docs\intro">
      <UniqueIdentifier>{f5d58d6c-858f-4743-8847-12fd01f54f5b}</UniqueIdentifier>
    </Filter>
    <Filter Include="lvgl\docs\layouts">
      <UniqueIdentifier>{8a636ea5-cc54-4a73-b824-734cfb850c4c}</UniqueIdentifier>
    </Filter>
    <Filter Include="lvgl\docs\libs">
      <UniqueIdentifier>{f02947cb-0b1c-4ad4-8971-4693566015f8}</UniqueIdentifier>
    </Filter>
    <Filter Include="lvgl\docs\misc">
      <UniqueIdentifier>{1aaccf04-e0a4-4824-bd77-f57a8565fd38}</UniqueIdentifier>
    </Filter>
    <Filter Include="lvgl\docs\others">
      <UniqueIdentifier>{1c1e11a1-fa1b-495d-8b29-5a024a4bf412}</UniqueIdentifier>
    </Filter>
    <Filter Include="lvgl\docs\overview">
      <UniqueIdentifier>{808a2465-52ed-4f36-8829-40ba770a7be4}</UniqueIdentifier>
    </Filter>
    <Filter Include="lvgl\docs\overview\renderers">
      <UniqueIdentifier>{019c2468-5f46-4ac2-8910-f924c003a418}</UniqueIdentifier>
    </Filter>
    <Filter Include="lvgl\docs\porting">
      <UniqueIdentifier>{f342d42f-fd8c-40cb-bede-1d66cbef0bf1}</UniqueIdentifier>
    </Filter>
    <Filter Include="lvgl\docs\widgets">
      <UniqueIdentifier>{ffe4411a-9388-4270-b77b-bb190113b35a}</UniqueIdentifier>
    </Filter>
    <Filter Include="lvgl\docs\widgets\core">
      <UniqueIdentifier>{8a69d88a-2686-4e4e-aa34-d9b139078e0d}</UniqueIdentifier>
    </Filter>
    <Filter Include="lvgl\docs\widgets">
      <UniqueIdentifier>{bacce87c-6f3f-4b92-ae8d-a15c8e9a16d7}</UniqueIdentifier>
    </Filter>
    <Filter Include="lvgl\docs\_ext">
      <UniqueIdentifier>{e60dcee9-5ec1-4192-abcd-c6a39ed3efc1}</UniqueIdentifier>
    </Filter>
    <Filter Include="lvgl\docs\_static">
      <UniqueIdentifier>{3d792aa9-0014-4abf-94e8-7687d9d879a1}</UniqueIdentifier>
    </Filter>
    <Filter Include="lvgl\docs\_static\css">
      <UniqueIdentifier>{083b1869-6266-4b7e-bf85-29593dc697bb}</UniqueIdentifier>
    </Filter>
    <Filter Include="lvgl\docs\_static\img">
      <UniqueIdentifier>{4ec30ce0-6d81-41b7-a75b-3482f260af65}</UniqueIdentifier>
    </Filter>
    <Filter Include="lvgl\docs\_static\js">
      <UniqueIdentifier>{c32d42b9-3f55-4e0f-bd15-8fdcedaeacef}</UniqueIdentifier>
    </Filter>
    <Filter Include="lvgl\docs\_templates">
      <UniqueIdentifier>{9dc761d9-53d7-433c-a203-7e59fa86f357}</UniqueIdentifier>
    </Filter>
    <Filter Include="lvgl\env_support">
      <UniqueIdentifier>{2d690ee5-bbea-4522-b93b-d50414f3c373}</UniqueIdentifier>
    </Filter>
    <Filter Include="lvgl\env_support\cmake">
      <UniqueIdentifier>{c4ab6764-4b8b-4358-8c2e-002acc370f40}</UniqueIdentifier>
    </Filter>
    <Filter Include="lvgl\env_support\cmsis-pack">
      <UniqueIdentifier>{9673017e-cdd9-4efe-bbbb-3b892bf340a3}</UniqueIdentifier>
    </Filter>
    <Filter Include="lvgl\env_support\rt-thread">
      <UniqueIdentifier>{10ecc804-6dd7-4c36-9a33-58b45134371f}</UniqueIdentifier>
    </Filter>
    <Filter Include="lvgl\env_support\zephyr">
      <UniqueIdentifier>{0659aa4c-5503-49ad-8b9e-a87f49aea2ab}</UniqueIdentifier>
    </Filter>
    <Filter Include="lvgl\scripts">
      <UniqueIdentifier>{a08e2e12-df5a-4c97-ac93-d14513c69de8}</UniqueIdentifier>
    </Filter>
    <Filter Include="lvgl\scripts\built_in_font">
      <UniqueIdentifier>{d8e94c9d-4a82-4de8-8931-0ba6545b5ad7}</UniqueIdentifier>
    </Filter>
    <Filter Include="lvgl\scripts\release">
      <UniqueIdentifier>{674d868f-8157-4d78-8e72-7d143e44d76d}</UniqueIdentifier>
    </Filter>
    <Filter Include="lvgl\src">
      <UniqueIdentifier>{70dfb0ec-1c3f-4da5-8f55-2665d8e8990e}</UniqueIdentifier>
    </Filter>
    <Filter Include="lvgl\src\core">
      <UniqueIdentifier>{36e6fc90-78c8-4492-b90a-295879598b47}</UniqueIdentifier>
    </Filter>
    <Filter Include="lvgl\src\draw">
      <UniqueIdentifier>{8150d9b2-9cf0-47af-9695-718e0c8397f3}</UniqueIdentifier>
    </Filter>
    <Filter Include="lvgl\src\draw\arm2d">
      <UniqueIdentifier>{4058683a-529e-467b-9c34-e326c82f655a}</UniqueIdentifier>
    </Filter>
    <Filter Include="lvgl\src\draw\nxp">
      <UniqueIdentifier>{5cbaba56-424a-4428-bd19-8b6c9d94d05b}</UniqueIdentifier>
    </Filter>
    <Filter Include="lvgl\src\draw\nxp\pxp">
      <UniqueIdentifier>{f7fe1c61-c05e-4734-8460-4ba8ad0c9712}</UniqueIdentifier>
    </Filter>
    <Filter Include="lvgl\src\draw\nxp\vglite">
      <UniqueIdentifier>{974c6240-a3f9-4d32-bb4f-c63040f807d4}</UniqueIdentifier>
    </Filter>
    <Filter Include="lvgl\src\draw\sdl">
      <UniqueIdentifier>{73bbdc9c-62ae-4fe2-839e-48010271df95}</UniqueIdentifier>
    </Filter>
    <Filter Include="lvgl\src\draw\stm32_dma2d">
      <UniqueIdentifier>{6c3c6afb-da7e-4107-bab1-67696e69a03f}</UniqueIdentifier>
    </Filter>
    <Filter Include="lvgl\src\draw\sw">
      <UniqueIdentifier>{b725f3b1-da3c-4888-9dc0-69a5ddcdbe4b}</UniqueIdentifier>
    </Filter>
    <Filter Include="lvgl\src\draw\swm341_dma2d">
      <UniqueIdentifier>{1bed9a92-f719-4c63-927d-42ed4ae98c4c}</UniqueIdentifier>
    </Filter>
    <Filter Include="lvgl\src\layouts">
      <UniqueIdentifier>{f3d92cf6-eae9-4bf1-ba52-ec25842da29e}</UniqueIdentifier>
    </Filter>
    <Filter Include="lvgl\src\layouts\flex">
      <UniqueIdentifier>{4b61adff-e1d3-47d2-9362-99753416e7f0}</UniqueIdentifier>
    </Filter>
    <Filter Include="lvgl\src\layouts\grid">
      <UniqueIdentifier>{aa33d59c-9fdc-4630-9548-e9406bdc4c20}</UniqueIdentifier>
    </Filter>
    <Filter Include="lvgl\src\libs">
      <UniqueIdentifier>{159f9a32-7be8-4568-a628-2cea90882372}</UniqueIdentifier>
    </Filter>
    <Filter Include="lvgl\src\libs\bmp">
      <UniqueIdentifier>{ceb2a73e-98d3-4b6f-be53-faf73572ffcd}</UniqueIdentifier>
    </Filter>
    <Filter Include="lvgl\src\libs\ffmpeg">
      <UniqueIdentifier>{50af60cd-6d2f-4f8b-93b0-9e1e364a6948}</UniqueIdentifier>
    </Filter>
    <Filter Include="lvgl\src\libs\freetype">
      <UniqueIdentifier>{66dbb5d8-ef61-49cd-ac74-9a4110c6ac07}</UniqueIdentifier>
    </Filter>
    <Filter Include="lvgl\src\libs\fsdrv">
      <UniqueIdentifier>{0c1f2f92-ee18-4dd5-a691-f76bdf255f26}</UniqueIdentifier>
    </Filter>
    <Filter Include="lvgl\src\libs\gif">
      <UniqueIdentifier>{0a2ba313-6599-433a-b43f-b05bb1adae2a}</UniqueIdentifier>
    </Filter>
    <Filter Include="lvgl\src\libs\png">
      <UniqueIdentifier>{e9ed2509-77d1-46ba-86c2-09cefe1d5191}</UniqueIdentifier>
    </Filter>
    <Filter Include="lvgl\src\libs\qrcode">
      <UniqueIdentifier>{ff5ac06b-77b5-41b3-b5da-e0e782a2eb04}</UniqueIdentifier>
    </Filter>
    <Filter Include="lvgl\src\libs\rlottie">
      <UniqueIdentifier>{786d56d3-5ae3-4507-8c9e-2703f3d046ee}</UniqueIdentifier>
    </Filter>
    <Filter Include="lvgl\src\libs\sjpg">
      <UniqueIdentifier>{38158af7-c763-4840-af7f-4517639237d8}</UniqueIdentifier>
    </Filter>
    <Filter Include="lvgl\src\others">
      <UniqueIdentifier>{10ed9744-3955-4ed9-bc2f-9bc776ed0259}</UniqueIdentifier>
    </Filter>
    <Filter Include="lvgl\src\others\fragment">
      <UniqueIdentifier>{d1bb011b-79c4-49cd-935f-096e3ed85e37}</UniqueIdentifier>
    </Filter>
    <Filter Include="lvgl\src\others\gridnav">
      <UniqueIdentifier>{ac852878-a80e-41c8-81ab-7235e9cad4a6}</UniqueIdentifier>
    </Filter>
    <Filter Include="lvgl\src\others\ime">
      <UniqueIdentifier>{d7d53cbf-6c0d-4f57-84d7-ec93e4fdc3d0}</UniqueIdentifier>
    </Filter>
    <Filter Include="lvgl\src\others\imgfont">
      <UniqueIdentifier>{60b1b010-79b7-44da-91c1-0b67fdd925f0}</UniqueIdentifier>
    </Filter>
    <Filter Include="lvgl\src\others\monkey">
      <UniqueIdentifier>{e7c62e11-9e28-4b17-afca-d166f8b0505d}</UniqueIdentifier>
    </Filter>
    <Filter Include="lvgl\src\others\msg">
      <UniqueIdentifier>{c428d917-ce4f-4cd4-958f-105babd420e2}</UniqueIdentifier>
    </Filter>
    <Filter Include="lvgl\src\others\snapshot">
      <UniqueIdentifier>{3e968af8-5435-4405-83b2-1980dc25a5d6}</UniqueIdentifier>
    </Filter>
    <Filter Include="lvgl\src\themes">
      <UniqueIdentifier>{ffd596d3-ac5a-4a3b-8b97-3c3daaea91bb}</UniqueIdentifier>
    </Filter>
    <Filter Include="lvgl\src\themes\basic">
      <UniqueIdentifier>{fa2eacbd-6b1a-43f6-9df4-0861cdd2c8c3}</UniqueIdentifier>
    </Filter>
    <Filter Include="lvgl\src\themes\default">
      <UniqueIdentifier>{298e2b20-af3c-4006-a04f-e5027d486a86}</UniqueIdentifier>
    </Filter>
    <Filter Include="lvgl\src\themes\mono">
      <UniqueIdentifier>{58ab13e8-1716-40c7-b59d-cd30289099b2}</UniqueIdentifier>
    </Filter>
    <Filter Include="lvgl\src\widgets\animimg">
      <UniqueIdentifier>{62688cee-fecc-457d-9b02-6bb65a24143f}</UniqueIdentifier>
    </Filter>
    <Filter Include="lvgl\src\widgets\calendar">
      <UniqueIdentifier>{76523cfa-5600-4270-8cf8-51820df70296}</UniqueIdentifier>
    </Filter>
    <Filter Include="lvgl\src\widgets\chart">
      <UniqueIdentifier>{0c14f9cb-8260-4f14-8588-18689ca1a4ac}</UniqueIdentifier>
    </Filter>
    <Filter Include="lvgl\src\widgets\colorwheel">
      <UniqueIdentifier>{2538afcc-2822-45d4-8f7c-6b8a54a96352}</UniqueIdentifier>
    </Filter>
    <Filter Include="lvgl\src\widgets\imgbtn">
      <UniqueIdentifier>{63b5a1ae-1507-48cf-9c6d-96a55e0b695d}</UniqueIdentifier>
    </Filter>
    <Filter Include="lvgl\src\widgets\keyboard">
      <UniqueIdentifier>{9929a60d-c930-4a2b-a8d2-74b3ce74d8d2}</UniqueIdentifier>
    </Filter>
    <Filter Include="lvgl\src\widgets\led">
      <UniqueIdentifier>{0d6ed74f-cb64-4d3e-9365-67c19e6d9e68}</UniqueIdentifier>
    </Filter>
    <Filter Include="lvgl\src\widgets\list">
      <UniqueIdentifier>{eae6122d-adee-4f71-a39f-724dd9eaf374}</UniqueIdentifier>
    </Filter>
    <Filter Include="lvgl\src\widgets\menu">
      <UniqueIdentifier>{1bb2f64a-36dc-4187-93a7-0b193f7d5b75}</UniqueIdentifier>
    </Filter>
    <Filter Include="lvgl\src\widgets\meter">
      <UniqueIdentifier>{7a543a79-eb5f-48ef-b345-492f8222f01e}</UniqueIdentifier>
    </Filter>
    <Filter Include="lvgl\src\widgets\msgbox">
      <UniqueIdentifier>{2165fa0e-ce0c-410f-a472-1087d09b045b}</UniqueIdentifier>
    </Filter>
    <Filter Include="lvgl\src\widgets\span">
      <UniqueIdentifier>{72f01679-41ca-4b9e-a75d-ffd2ba807133}</UniqueIdentifier>
    </Filter>
    <Filter Include="lvgl\src\widgets\spinbox">
      <UniqueIdentifier>{156d0645-adf5-41be-bd7d-9cf53f5fa559}</UniqueIdentifier>
    </Filter>
    <Filter Include="lvgl\src\widgets\spinner">
      <UniqueIdentifier>{afb16c2b-4452-4e68-9eb7-b43e4d5d87d6}</UniqueIdentifier>
    </Filter>
    <Filter Include="lvgl\src\widgets\tabview">
      <UniqueIdentifier>{5330c10f-7bde-44b7-b953-8c476cf62274}</UniqueIdentifier>
    </Filter>
    <Filter Include="lvgl\src\widgets\tileview">
      <UniqueIdentifier>{c9679331-371c-4407-b793-75b1170ce4ae}</UniqueIdentifier>
    </Filter>
    <Filter Include="lvgl\src\widgets\win">
      <UniqueIdentifier>{d5086cf1-54b2-40c5-b1ad-b157c65e1561}</UniqueIdentifier>
    </Filter>
    <Filter Include="lvgl\src\font">
      <UniqueIdentifier>{6f5f8ec3-d8d3-4b9f-8c4b-3868ab089bc4}</UniqueIdentifier>
    </Filter>
    <Filter Include="lvgl\src\hal">
      <UniqueIdentifier>{e83db203-b38e-4f69-b3c1-a8ed6a503563}</UniqueIdentifier>
    </Filter>
    <Filter Include="lvgl\src\misc">
      <UniqueIdentifier>{98063164-2931-4170-a972-349316069ed0}</UniqueIdentifier>
    </Filter>
    <Filter Include="lvgl\src\widgets">
      <UniqueIdentifier>{cd199bfe-999f-4593-82d2-6c0d0c3a7240}</UniqueIdentifier>
    </Filter>
  </ItemGroup>
  <ItemGroup>
    <ClInclude Include="..\3rdparty\lvgl\env_support\cmsis-pack\lv_conf_cmsis.h">
      <Filter>lvgl\env_support\cmsis-pack</Filter>
    </ClInclude>
    <ClInclude Include="..\3rdparty\lvgl\env_support\rt-thread\lv_rt_thread_conf.h">
      <Filter>lvgl\env_support\rt-thread</Filter>
    </ClInclude>
    <ClInclude Include="..\3rdparty\lvgl\src\core\lv_disp.h">
      <Filter>lvgl\src\core</Filter>
    </ClInclude>
    <ClInclude Include="..\3rdparty\lvgl\src\core\lv_event.h">
      <Filter>lvgl\src\core</Filter>
    </ClInclude>
    <ClInclude Include="..\3rdparty\lvgl\src\core\lv_group.h">
      <Filter>lvgl\src\core</Filter>
    </ClInclude>
    <ClInclude Include="..\3rdparty\lvgl\src\core\lv_indev.h">
      <Filter>lvgl\src\core</Filter>
    </ClInclude>
    <ClInclude Include="..\3rdparty\lvgl\src\core\lv_indev_scroll.h">
      <Filter>lvgl\src\core</Filter>
    </ClInclude>
    <ClInclude Include="..\3rdparty\lvgl\src\core\lv_obj.h">
      <Filter>lvgl\src\core</Filter>
    </ClInclude>
    <ClInclude Include="..\3rdparty\lvgl\src\core\lv_obj_class.h">
      <Filter>lvgl\src\core</Filter>
    </ClInclude>
    <ClInclude Include="..\3rdparty\lvgl\src\core\lv_obj_draw.h">
      <Filter>lvgl\src\core</Filter>
    </ClInclude>
    <ClInclude Include="..\3rdparty\lvgl\src\core\lv_obj_pos.h">
      <Filter>lvgl\src\core</Filter>
    </ClInclude>
    <ClInclude Include="..\3rdparty\lvgl\src\core\lv_obj_scroll.h">
      <Filter>lvgl\src\core</Filter>
    </ClInclude>
    <ClInclude Include="..\3rdparty\lvgl\src\core\lv_obj_style.h">
      <Filter>lvgl\src\core</Filter>
    </ClInclude>
    <ClInclude Include="..\3rdparty\lvgl\src\core\lv_obj_style_gen.h">
      <Filter>lvgl\src\core</Filter>
    </ClInclude>
    <ClInclude Include="..\3rdparty\lvgl\src\core\lv_obj_tree.h">
      <Filter>lvgl\src\core</Filter>
    </ClInclude>
    <ClInclude Include="..\3rdparty\lvgl\src\core\lv_refr.h">
      <Filter>lvgl\src\core</Filter>
    </ClInclude>
    <ClInclude Include="..\3rdparty\lvgl\src\core\lv_theme.h">
      <Filter>lvgl\src\core</Filter>
    </ClInclude>
    <ClInclude Include="..\3rdparty\lvgl\src\draw\arm2d\lv_gpu_arm2d.h">
      <Filter>lvgl\src\draw\arm2d</Filter>
    </ClInclude>
    <ClInclude Include="..\3rdparty\lvgl\src\draw\nxp\pxp\lv_draw_pxp_blend.h">
      <Filter>lvgl\src\draw\nxp\pxp</Filter>
    </ClInclude>
    <ClInclude Include="..\3rdparty\lvgl\src\draw\nxp\pxp\lv_gpu_nxp_pxp.h">
      <Filter>lvgl\src\draw\nxp\pxp</Filter>
    </ClInclude>
    <ClInclude Include="..\3rdparty\lvgl\src\draw\nxp\pxp\lv_gpu_nxp_pxp_osa.h">
      <Filter>lvgl\src\draw\nxp\pxp</Filter>
    </ClInclude>
    <ClInclude Include="..\3rdparty\lvgl\src\draw\nxp\vglite\lv_draw_vglite_arc.h">
      <Filter>lvgl\src\draw\nxp\vglite</Filter>
    </ClInclude>
    <ClInclude Include="..\3rdparty\lvgl\src\draw\nxp\vglite\lv_draw_vglite_blend.h">
      <Filter>lvgl\src\draw\nxp\vglite</Filter>
    </ClInclude>
    <ClInclude Include="..\3rdparty\lvgl\src\draw\nxp\vglite\lv_draw_vglite_rect.h">
      <Filter>lvgl\src\draw\nxp\vglite</Filter>
    </ClInclude>
    <ClInclude Include="..\3rdparty\lvgl\src\draw\nxp\vglite\lv_gpu_nxp_vglite.h">
      <Filter>lvgl\src\draw\nxp\vglite</Filter>
    </ClInclude>
    <ClInclude Include="..\3rdparty\lvgl\src\draw\nxp\lv_gpu_nxp.h">
      <Filter>lvgl\src\draw\nxp</Filter>
    </ClInclude>
    <ClInclude Include="..\3rdparty\lvgl\src\draw\sdl\lv_draw_sdl.h">
      <Filter>lvgl\src\draw\sdl</Filter>
    </ClInclude>
    <ClInclude Include="..\3rdparty\lvgl\src\draw\sdl\lv_draw_sdl_composite.h">
      <Filter>lvgl\src\draw\sdl</Filter>
    </ClInclude>
    <ClInclude Include="..\3rdparty\lvgl\src\draw\sdl\lv_draw_sdl_img.h">
      <Filter>lvgl\src\draw\sdl</Filter>
    </ClInclude>
    <ClInclude Include="..\3rdparty\lvgl\src\draw\sdl\lv_draw_sdl_layer.h">
      <Filter>lvgl\src\draw\sdl</Filter>
    </ClInclude>
    <ClInclude Include="..\3rdparty\lvgl\src\draw\sdl\lv_draw_sdl_mask.h">
      <Filter>lvgl\src\draw\sdl</Filter>
    </ClInclude>
    <ClInclude Include="..\3rdparty\lvgl\src\draw\sdl\lv_draw_sdl_priv.h">
      <Filter>lvgl\src\draw\sdl</Filter>
    </ClInclude>
    <ClInclude Include="..\3rdparty\lvgl\src\draw\sdl\lv_draw_sdl_rect.h">
      <Filter>lvgl\src\draw\sdl</Filter>
    </ClInclude>
    <ClInclude Include="..\3rdparty\lvgl\src\draw\sdl\lv_draw_sdl_stack_blur.h">
      <Filter>lvgl\src\draw\sdl</Filter>
    </ClInclude>
    <ClInclude Include="..\3rdparty\lvgl\src\draw\sdl\lv_draw_sdl_texture_cache.h">
      <Filter>lvgl\src\draw\sdl</Filter>
    </ClInclude>
    <ClInclude Include="..\3rdparty\lvgl\src\draw\sdl\lv_draw_sdl_utils.h">
      <Filter>lvgl\src\draw\sdl</Filter>
    </ClInclude>
    <ClInclude Include="..\3rdparty\lvgl\src\draw\stm32_dma2d\lv_gpu_stm32_dma2d.h">
      <Filter>lvgl\src\draw\stm32_dma2d</Filter>
    </ClInclude>
    <ClInclude Include="..\3rdparty\lvgl\src\draw\sw\lv_draw_sw.h">
      <Filter>lvgl\src\draw\sw</Filter>
    </ClInclude>
    <ClInclude Include="..\3rdparty\lvgl\src\draw\sw\lv_draw_sw_blend.h">
      <Filter>lvgl\src\draw\sw</Filter>
    </ClInclude>
    <ClInclude Include="..\3rdparty\lvgl\src\draw\sw\lv_draw_sw_dither.h">
      <Filter>lvgl\src\draw\sw</Filter>
    </ClInclude>
    <ClInclude Include="..\3rdparty\lvgl\src\draw\sw\lv_draw_sw_gradient.h">
      <Filter>lvgl\src\draw\sw</Filter>
    </ClInclude>
    <ClInclude Include="..\3rdparty\lvgl\src\draw\swm341_dma2d\lv_gpu_swm341_dma2d.h">
      <Filter>lvgl\src\draw\swm341_dma2d</Filter>
    </ClInclude>
    <ClInclude Include="..\3rdparty\lvgl\src\draw\lv_draw.h">
      <Filter>lvgl\src\draw</Filter>
    </ClInclude>
    <ClInclude Include="..\3rdparty\lvgl\src\draw\lv_draw_arc.h">
      <Filter>lvgl\src\draw</Filter>
    </ClInclude>
    <ClInclude Include="..\3rdparty\lvgl\src\draw\lv_draw_img.h">
      <Filter>lvgl\src\draw</Filter>
    </ClInclude>
    <ClInclude Include="..\3rdparty\lvgl\src\draw\lv_draw_label.h">
      <Filter>lvgl\src\draw</Filter>
    </ClInclude>
    <ClInclude Include="..\3rdparty\lvgl\src\draw\lv_draw_layer.h">
      <Filter>lvgl\src\draw</Filter>
    </ClInclude>
    <ClInclude Include="..\3rdparty\lvgl\src\draw\lv_draw_line.h">
      <Filter>lvgl\src\draw</Filter>
    </ClInclude>
    <ClInclude Include="..\3rdparty\lvgl\src\draw\lv_draw_mask.h">
      <Filter>lvgl\src\draw</Filter>
    </ClInclude>
    <ClInclude Include="..\3rdparty\lvgl\src\draw\lv_draw_rect.h">
      <Filter>lvgl\src\draw</Filter>
    </ClInclude>
    <ClInclude Include="..\3rdparty\lvgl\src\draw\lv_draw_transform.h">
      <Filter>lvgl\src\draw</Filter>
    </ClInclude>
    <ClInclude Include="..\3rdparty\lvgl\src\draw\lv_draw_triangle.h">
      <Filter>lvgl\src\draw</Filter>
    </ClInclude>
    <ClInclude Include="..\3rdparty\lvgl\src\draw\lv_img_buf.h">
      <Filter>lvgl\src\draw</Filter>
    </ClInclude>
    <ClInclude Include="..\3rdparty\lvgl\src\draw\lv_img_cache.h">
      <Filter>lvgl\src\draw</Filter>
    </ClInclude>
    <ClInclude Include="..\3rdparty\lvgl\src\draw\lv_img_decoder.h">
      <Filter>lvgl\src\draw</Filter>
    </ClInclude>
    <ClInclude Include="..\3rdparty\lvgl\src\layouts\flex\lv_flex.h">
      <Filter>lvgl\src\layouts\flex</Filter>
    </ClInclude>
    <ClInclude Include="..\3rdparty\lvgl\src\layouts\grid\lv_grid.h">
      <Filter>lvgl\src\layouts\grid</Filter>
    </ClInclude>
    <ClInclude Include="..\3rdparty\lvgl\src\layouts\lv_layouts.h">
      <Filter>lvgl\src\layouts</Filter>
    </ClInclude>
    <ClInclude Include="..\3rdparty\lvgl\src\libs\bmp\lv_bmp.h">
      <Filter>lvgl\src\libs\bmp</Filter>
    </ClInclude>
    <ClInclude Include="..\3rdparty\lvgl\src\libs\ffmpeg\lv_ffmpeg.h">
      <Filter>lvgl\src\libs\ffmpeg</Filter>
    </ClInclude>
    <ClInclude Include="..\3rdparty\lvgl\src\libs\freetype\lv_freetype.h">
      <Filter>lvgl\src\libs\freetype</Filter>
    </ClInclude>
    <ClInclude Include="..\3rdparty\lvgl\src\libs\fsdrv\lv_fsdrv.h">
      <Filter>lvgl\src\libs\fsdrv</Filter>
    </ClInclude>
    <ClInclude Include="..\3rdparty\lvgl\src\libs\gif\gifdec.h">
      <Filter>lvgl\src\libs\gif</Filter>
    </ClInclude>
    <ClInclude Include="..\3rdparty\lvgl\src\libs\gif\lv_gif.h">
      <Filter>lvgl\src\libs\gif</Filter>
    </ClInclude>
    <ClInclude Include="..\3rdparty\lvgl\src\libs\png\lodepng.h">
      <Filter>lvgl\src\libs\png</Filter>
    </ClInclude>
    <ClInclude Include="..\3rdparty\lvgl\src\libs\png\lv_png.h">
      <Filter>lvgl\src\libs\png</Filter>
    </ClInclude>
    <ClInclude Include="..\3rdparty\lvgl\src\libs\qrcode\lv_qrcode.h">
      <Filter>lvgl\src\libs\qrcode</Filter>
    </ClInclude>
    <ClInclude Include="..\3rdparty\lvgl\src\libs\qrcode\qrcodegen.h">
      <Filter>lvgl\src\libs\qrcode</Filter>
    </ClInclude>
    <ClInclude Include="..\3rdparty\lvgl\src\libs\rlottie\lv_rlottie.h">
      <Filter>lvgl\src\libs\rlottie</Filter>
    </ClInclude>
    <ClInclude Include="..\3rdparty\lvgl\src\libs\sjpg\lv_sjpg.h">
      <Filter>lvgl\src\libs\sjpg</Filter>
    </ClInclude>
    <ClInclude Include="..\3rdparty\lvgl\src\libs\sjpg\tjpgd.h">
      <Filter>lvgl\src\libs\sjpg</Filter>
    </ClInclude>
    <ClInclude Include="..\3rdparty\lvgl\src\libs\sjpg\tjpgdcnf.h">
      <Filter>lvgl\src\libs\sjpg</Filter>
    </ClInclude>
    <ClInclude Include="..\3rdparty\lvgl\src\libs\lv_libs.h">
      <Filter>lvgl\src\libs</Filter>
    </ClInclude>
    <ClInclude Include="..\3rdparty\lvgl\src\others\fragment\lv_fragment.h">
      <Filter>lvgl\src\others\fragment</Filter>
    </ClInclude>
    <ClInclude Include="..\3rdparty\lvgl\src\others\gridnav\lv_gridnav.h">
      <Filter>lvgl\src\others\gridnav</Filter>
    </ClInclude>
    <ClInclude Include="..\3rdparty\lvgl\src\others\ime\lv_ime_pinyin.h">
      <Filter>lvgl\src\others\ime</Filter>
    </ClInclude>
    <ClInclude Include="..\3rdparty\lvgl\src\others\imgfont\lv_imgfont.h">
      <Filter>lvgl\src\others\imgfont</Filter>
    </ClInclude>
    <ClInclude Include="..\3rdparty\lvgl\src\others\monkey\lv_monkey.h">
      <Filter>lvgl\src\others\monkey</Filter>
    </ClInclude>
    <ClInclude Include="..\3rdparty\lvgl\src\others\msg\lv_msg.h">
      <Filter>lvgl\src\others\msg</Filter>
    </ClInclude>
    <ClInclude Include="..\3rdparty\lvgl\src\others\snapshot\lv_snapshot.h">
      <Filter>lvgl\src\others\snapshot</Filter>
    </ClInclude>
    <ClInclude Include="..\3rdparty\lvgl\src\others\lv_others.h">
      <Filter>lvgl\src\others</Filter>
    </ClInclude>
    <ClInclude Include="..\3rdparty\lvgl\src\themes\basic\lv_theme_basic.h">
      <Filter>lvgl\src\themes\basic</Filter>
    </ClInclude>
    <ClInclude Include="..\3rdparty\lvgl\src\themes\default\lv_theme_default.h">
      <Filter>lvgl\src\themes\default</Filter>
    </ClInclude>
    <ClInclude Include="..\3rdparty\lvgl\src\themes\mono\lv_theme_mono.h">
      <Filter>lvgl\src\themes\mono</Filter>
    </ClInclude>
    <ClInclude Include="..\3rdparty\lvgl\src\themes\lv_themes.h">
      <Filter>lvgl\src\themes</Filter>
    </ClInclude>
    <ClInclude Include="..\3rdparty\lvgl\src\widgets\animimg\lv_animimg.h">
      <Filter>lvgl\src\widgets\animimg</Filter>
    </ClInclude>
    <ClInclude Include="..\3rdparty\lvgl\src\widgets\calendar\lv_calendar.h">
      <Filter>lvgl\src\widgets\calendar</Filter>
    </ClInclude>
    <ClInclude Include="..\3rdparty\lvgl\src\widgets\calendar\lv_calendar_header_arrow.h">
      <Filter>lvgl\src\widgets\calendar</Filter>
    </ClInclude>
    <ClInclude Include="..\3rdparty\lvgl\src\widgets\calendar\lv_calendar_header_dropdown.h">
      <Filter>lvgl\src\widgets\calendar</Filter>
    </ClInclude>
    <ClInclude Include="..\3rdparty\lvgl\src\widgets\chart\lv_chart.h">
      <Filter>lvgl\src\widgets\chart</Filter>
    </ClInclude>
    <ClInclude Include="..\3rdparty\lvgl\src\widgets\colorwheel\lv_colorwheel.h">
      <Filter>lvgl\src\widgets\colorwheel</Filter>
    </ClInclude>
    <ClInclude Include="..\3rdparty\lvgl\src\widgets\imgbtn\lv_imgbtn.h">
      <Filter>lvgl\src\widgets\imgbtn</Filter>
    </ClInclude>
    <ClInclude Include="..\3rdparty\lvgl\src\widgets\keyboard\lv_keyboard.h">
      <Filter>lvgl\src\widgets\keyboard</Filter>
    </ClInclude>
    <ClInclude Include="..\3rdparty\lvgl\src\widgets\led\lv_led.h">
      <Filter>lvgl\src\widgets\led</Filter>
    </ClInclude>
    <ClInclude Include="..\3rdparty\lvgl\src\widgets\list\lv_list.h">
      <Filter>lvgl\src\widgets\list</Filter>
    </ClInclude>
    <ClInclude Include="..\3rdparty\lvgl\src\widgets\menu\lv_menu.h">
      <Filter>lvgl\src\widgets\menu</Filter>
    </ClInclude>
    <ClInclude Include="..\3rdparty\lvgl\src\widgets\meter\lv_meter.h">
      <Filter>lvgl\src\widgets\meter</Filter>
    </ClInclude>
    <ClInclude Include="..\3rdparty\lvgl\src\widgets\msgbox\lv_msgbox.h">
      <Filter>lvgl\src\widgets\msgbox</Filter>
    </ClInclude>
    <ClInclude Include="..\3rdparty\lvgl\src\widgets\span\lv_span.h">
      <Filter>lvgl\src\widgets\span</Filter>
    </ClInclude>
    <ClInclude Include="..\3rdparty\lvgl\src\widgets\spinbox\lv_spinbox.h">
      <Filter>lvgl\src\widgets\spinbox</Filter>
    </ClInclude>
    <ClInclude Include="..\3rdparty\lvgl\src\widgets\spinner\lv_spinner.h">
      <Filter>lvgl\src\widgets\spinner</Filter>
    </ClInclude>
    <ClInclude Include="..\3rdparty\lvgl\src\widgets\tabview\lv_tabview.h">
      <Filter>lvgl\src\widgets\tabview</Filter>
    </ClInclude>
    <ClInclude Include="..\3rdparty\lvgl\src\widgets\tileview\lv_tileview.h">
      <Filter>lvgl\src\widgets\tileview</Filter>
    </ClInclude>
    <ClInclude Include="..\3rdparty\lvgl\src\widgets\win\lv_win.h">
      <Filter>lvgl\src\widgets\win</Filter>
    </ClInclude>
    <ClInclude Include="..\3rdparty\lvgl\src\widgets\lv_widgets.h">
      <Filter>lvgl\src\widgets</Filter>
    </ClInclude>
    <ClInclude Include="..\3rdparty\lvgl\src\font\lv_font.h">
      <Filter>lvgl\src\font</Filter>
    </ClInclude>
    <ClInclude Include="..\3rdparty\lvgl\src\font\lv_font_fmt_txt.h">
      <Filter>lvgl\src\font</Filter>
    </ClInclude>
    <ClInclude Include="..\3rdparty\lvgl\src\font\lv_font_loader.h">
      <Filter>lvgl\src\font</Filter>
    </ClInclude>
    <ClInclude Include="..\3rdparty\lvgl\src\font\lv_symbol_def.h">
      <Filter>lvgl\src\font</Filter>
    </ClInclude>
    <ClInclude Include="..\3rdparty\lvgl\src\hal\lv_hal.h">
      <Filter>lvgl\src\hal</Filter>
    </ClInclude>
    <ClInclude Include="..\3rdparty\lvgl\src\hal\lv_hal_disp.h">
      <Filter>lvgl\src\hal</Filter>
    </ClInclude>
    <ClInclude Include="..\3rdparty\lvgl\src\hal\lv_hal_indev.h">
      <Filter>lvgl\src\hal</Filter>
    </ClInclude>
    <ClInclude Include="..\3rdparty\lvgl\src\hal\lv_hal_tick.h">
      <Filter>lvgl\src\hal</Filter>
    </ClInclude>
    <ClInclude Include="..\3rdparty\lvgl\src\misc\lv_anim.h">
      <Filter>lvgl\src\misc</Filter>
    </ClInclude>
    <ClInclude Include="..\3rdparty\lvgl\src\misc\lv_anim_timeline.h">
      <Filter>lvgl\src\misc</Filter>
    </ClInclude>
    <ClInclude Include="..\3rdparty\lvgl\src\misc\lv_area.h">
      <Filter>lvgl\src\misc</Filter>
    </ClInclude>
    <ClInclude Include="..\3rdparty\lvgl\src\misc\lv_assert.h">
      <Filter>lvgl\src\misc</Filter>
    </ClInclude>
    <ClInclude Include="..\3rdparty\lvgl\src\misc\lv_async.h">
      <Filter>lvgl\src\misc</Filter>
    </ClInclude>
    <ClInclude Include="..\3rdparty\lvgl\src\misc\lv_bidi.h">
      <Filter>lvgl\src\misc</Filter>
    </ClInclude>
    <ClInclude Include="..\3rdparty\lvgl\src\misc\lv_color.h">
      <Filter>lvgl\src\misc</Filter>
    </ClInclude>
    <ClInclude Include="..\3rdparty\lvgl\src\misc\lv_fs.h">
      <Filter>lvgl\src\misc</Filter>
    </ClInclude>
    <ClInclude Include="..\3rdparty\lvgl\src\misc\lv_gc.h">
      <Filter>lvgl\src\misc</Filter>
    </ClInclude>
    <ClInclude Include="..\3rdparty\lvgl\src\misc\lv_ll.h">
      <Filter>lvgl\src\misc</Filter>
    </ClInclude>
    <ClInclude Include="..\3rdparty\lvgl\src\misc\lv_log.h">
      <Filter>lvgl\src\misc</Filter>
    </ClInclude>
    <ClInclude Include="..\3rdparty\lvgl\src\misc\lv_lru.h">
      <Filter>lvgl\src\misc</Filter>
    </ClInclude>
    <ClInclude Include="..\3rdparty\lvgl\src\misc\lv_malloc_builtin.h">
      <Filter>lvgl\src\misc</Filter>
    </ClInclude>
    <ClInclude Include="..\3rdparty\lvgl\src\misc\lv_math.h">
      <Filter>lvgl\src\misc</Filter>
    </ClInclude>
    <ClInclude Include="..\3rdparty\lvgl\src\misc\lv_mem.h">
      <Filter>lvgl\src\misc</Filter>
    </ClInclude>
    <ClInclude Include="..\3rdparty\lvgl\src\misc\lv_memcpy_builtin.h">
      <Filter>lvgl\src\misc</Filter>
    </ClInclude>
    <ClInclude Include="..\3rdparty\lvgl\src\misc\lv_printf.h">
      <Filter>lvgl\src\misc</Filter>
    </ClInclude>
    <ClInclude Include="..\3rdparty\lvgl\src\misc\lv_style.h">
      <Filter>lvgl\src\misc</Filter>
    </ClInclude>
    <ClInclude Include="..\3rdparty\lvgl\src\misc\lv_style_gen.h">
      <Filter>lvgl\src\misc</Filter>
    </ClInclude>
    <ClInclude Include="..\3rdparty\lvgl\src\misc\lv_templ.h">
      <Filter>lvgl\src\misc</Filter>
    </ClInclude>
    <ClInclude Include="..\3rdparty\lvgl\src\misc\lv_timer.h">
      <Filter>lvgl\src\misc</Filter>
    </ClInclude>
    <ClInclude Include="..\3rdparty\lvgl\src\misc\lv_tlsf.h">
      <Filter>lvgl\src\misc</Filter>
    </ClInclude>
    <ClInclude Include="..\3rdparty\lvgl\src\misc\lv_txt.h">
      <Filter>lvgl\src\misc</Filter>
    </ClInclude>
    <ClInclude Include="..\3rdparty\lvgl\src\misc\lv_txt_ap.h">
      <Filter>lvgl\src\misc</Filter>
    </ClInclude>
    <ClInclude Include="..\3rdparty\lvgl\src\misc\lv_types.h">
      <Filter>lvgl\src\misc</Filter>
    </ClInclude>
    <ClInclude Include="..\3rdparty\lvgl\src\misc\lv_utils.h">
      <Filter>lvgl\src\misc</Filter>
    </ClInclude>
    <ClInclude Include="..\3rdparty\lvgl\src\widgets\arc\lv_arc.h">
      <Filter>lvgl\src\widgets</Filter>
    </ClInclude>
    <ClInclude Include="..\3rdparty\lvgl\src\widgets\bar\lv_bar.h">
      <Filter>lvgl\src\widgets</Filter>
    </ClInclude>
    <ClInclude Include="..\3rdparty\lvgl\src\widgets\btn\lv_btn.h">
      <Filter>lvgl\src\widgets</Filter>
    </ClInclude>
    <ClInclude Include="..\3rdparty\lvgl\src\widgets\btnmatrix\lv_btnmatrix.h">
      <Filter>lvgl\src\widgets</Filter>
    </ClInclude>
    <ClInclude Include="..\3rdparty\lvgl\src\widgets\canvas\lv_canvas.h">
      <Filter>lvgl\src\widgets</Filter>
    </ClInclude>
    <ClInclude Include="..\3rdparty\lvgl\src\widgets\checkbox\lv_checkbox.h">
      <Filter>lvgl\src\widgets</Filter>
    </ClInclude>
    <ClInclude Include="..\3rdparty\lvgl\src\widgets\dropdown\lv_dropdown.h">
      <Filter>lvgl\src\widgets</Filter>
    </ClInclude>
    <ClInclude Include="..\3rdparty\lvgl\src\widgets\img\lv_img.h">
      <Filter>lvgl\src\widgets</Filter>
    </ClInclude>
    <ClInclude Include="..\3rdparty\lvgl\src\widgets\label\lv_label.h">
      <Filter>lvgl\src\widgets</Filter>
    </ClInclude>
    <ClInclude Include="..\3rdparty\lvgl\src\widgets\line\lv_line.h">
      <Filter>lvgl\src\widgets</Filter>
    </ClInclude>
    <ClInclude Include="..\3rdparty\lvgl\src\widgets\objx_templ\lv_objx_templ.h">
      <Filter>lvgl\src\widgets</Filter>
    </ClInclude>
    <ClInclude Include="..\3rdparty\lvgl\src\widgets\roller\lv_roller.h">
      <Filter>lvgl\src\widgets</Filter>
    </ClInclude>
    <ClInclude Include="..\3rdparty\lvgl\src\widgets\slider\lv_slider.h">
      <Filter>lvgl\src\widgets</Filter>
    </ClInclude>
    <ClInclude Include="..\3rdparty\lvgl\src\widgets\switch\lv_switch.h">
      <Filter>lvgl\src\widgets</Filter>
    </ClInclude>
    <ClInclude Include="..\3rdparty\lvgl\src\widgets\table\lv_table.h">
      <Filter>lvgl\src\widgets</Filter>
    </ClInclude>
    <ClInclude Include="..\3rdparty\lvgl\src\widgets\textarea\lv_textarea.h">
      <Filter>lvgl\src\widgets</Filter>
    </ClInclude>
    <ClInclude Include="..\3rdparty\lvgl\src\lvgl.h">
      <Filter>lvgl\src</Filter>
    </ClInclude>
    <ClInclude Include="..\3rdparty\lvgl\src\lv_api_map.h">
      <Filter>lvgl\src</Filter>
    </ClInclude>
    <ClInclude Include="..\3rdparty\lvgl\src\lv_conf_internal.h">
      <Filter>lvgl\src</Filter>
    </ClInclude>
    <ClInclude Include="..\3rdparty\lvgl\src\lv_conf_kconfig.h">
      <Filter>lvgl\src</Filter>
    </ClInclude>
    <ClInclude Include="..\3rdparty\lvgl\lvgl.h">
      <Filter>lvgl</Filter>
    </ClInclude>
    <ClInclude Include="..\3rdparty\lvgl\lv_conf_template.h">
      <Filter>lvgl</Filter>
    </ClInclude>
  </ItemGroup>
  <ItemGroup>
    <ClCompile Include="..\3rdparty\lvgl\env_support\rt-thread\lv_rt_thread_port.c">
      <Filter>lvgl\env_support\rt-thread</Filter>
    </ClCompile>
    <ClCompile Include="..\3rdparty\lvgl\src\core\lv_disp.c">
      <Filter>lvgl\src\core</Filter>
    </ClCompile>
    <ClCompile Include="..\3rdparty\lvgl\src\core\lv_event.c">
      <Filter>lvgl\src\core</Filter>
    </ClCompile>
    <ClCompile Include="..\3rdparty\lvgl\src\core\lv_group.c">
      <Filter>lvgl\src\core</Filter>
    </ClCompile>
    <ClCompile Include="..\3rdparty\lvgl\src\core\lv_indev.c">
      <Filter>lvgl\src\core</Filter>
    </ClCompile>
    <ClCompile Include="..\3rdparty\lvgl\src\core\lv_indev_scroll.c">
      <Filter>lvgl\src\core</Filter>
    </ClCompile>
    <ClCompile Include="..\3rdparty\lvgl\src\core\lv_obj.c">
      <Filter>lvgl\src\core</Filter>
    </ClCompile>
    <ClCompile Include="..\3rdparty\lvgl\src\core\lv_obj_class.c">
      <Filter>lvgl\src\core</Filter>
    </ClCompile>
    <ClCompile Include="..\3rdparty\lvgl\src\core\lv_obj_draw.c">
      <Filter>lvgl\src\core</Filter>
    </ClCompile>
    <ClCompile Include="..\3rdparty\lvgl\src\core\lv_obj_pos.c">
      <Filter>lvgl\src\core</Filter>
    </ClCompile>
    <ClCompile Include="..\3rdparty\lvgl\src\core\lv_obj_scroll.c">
      <Filter>lvgl\src\core</Filter>
    </ClCompile>
    <ClCompile Include="..\3rdparty\lvgl\src\core\lv_obj_style.c">
      <Filter>lvgl\src\core</Filter>
    </ClCompile>
    <ClCompile Include="..\3rdparty\lvgl\src\core\lv_obj_style_gen.c">
      <Filter>lvgl\src\core</Filter>
    </ClCompile>
    <ClCompile Include="..\3rdparty\lvgl\src\core\lv_obj_tree.c">
      <Filter>lvgl\src\core</Filter>
    </ClCompile>
    <ClCompile Include="..\3rdparty\lvgl\src\core\lv_refr.c">
      <Filter>lvgl\src\core</Filter>
    </ClCompile>
    <ClCompile Include="..\3rdparty\lvgl\src\core\lv_theme.c">
      <Filter>lvgl\src\core</Filter>
    </ClCompile>
    <ClCompile Include="..\3rdparty\lvgl\src\draw\arm2d\lv_gpu_arm2d.c">
      <Filter>lvgl\src\draw\arm2d</Filter>
    </ClCompile>
    <ClCompile Include="..\3rdparty\lvgl\src\draw\nxp\pxp\lv_draw_pxp_blend.c">
      <Filter>lvgl\src\draw\nxp\pxp</Filter>
    </ClCompile>
    <ClCompile Include="..\3rdparty\lvgl\src\draw\nxp\pxp\lv_gpu_nxp_pxp.c">
      <Filter>lvgl\src\draw\nxp\pxp</Filter>
    </ClCompile>
    <ClCompile Include="..\3rdparty\lvgl\src\draw\nxp\pxp\lv_gpu_nxp_pxp_osa.c">
      <Filter>lvgl\src\draw\nxp\pxp</Filter>
    </ClCompile>
    <ClCompile Include="..\3rdparty\lvgl\src\draw\nxp\vglite\lv_draw_vglite_arc.c">
      <Filter>lvgl\src\draw\nxp\vglite</Filter>
    </ClCompile>
    <ClCompile Include="..\3rdparty\lvgl\src\draw\nxp\vglite\lv_draw_vglite_blend.c">
      <Filter>lvgl\src\draw\nxp\vglite</Filter>
    </ClCompile>
    <ClCompile Include="..\3rdparty\lvgl\src\draw\nxp\vglite\lv_draw_vglite_rect.c">
      <Filter>lvgl\src\draw\nxp\vglite</Filter>
    </ClCompile>
    <ClCompile Include="..\3rdparty\lvgl\src\draw\nxp\vglite\lv_gpu_nxp_vglite.c">
      <Filter>lvgl\src\draw\nxp\vglite</Filter>
    </ClCompile>
    <ClCompile Include="..\3rdparty\lvgl\src\draw\nxp\lv_gpu_nxp.c">
      <Filter>lvgl\src\draw\nxp</Filter>
    </ClCompile>
    <ClCompile Include="..\3rdparty\lvgl\src\draw\sdl\lv_draw_sdl.c">
      <Filter>lvgl\src\draw\sdl</Filter>
    </ClCompile>
    <ClCompile Include="..\3rdparty\lvgl\src\draw\sdl\lv_draw_sdl_arc.c">
      <Filter>lvgl\src\draw\sdl</Filter>
    </ClCompile>
    <ClCompile Include="..\3rdparty\lvgl\src\draw\sdl\lv_draw_sdl_bg.c">
      <Filter>lvgl\src\draw\sdl</Filter>
    </ClCompile>
    <ClCompile Include="..\3rdparty\lvgl\src\draw\sdl\lv_draw_sdl_composite.c">
      <Filter>lvgl\src\draw\sdl</Filter>
    </ClCompile>
    <ClCompile Include="..\3rdparty\lvgl\src\draw\sdl\lv_draw_sdl_img.c">
      <Filter>lvgl\src\draw\sdl</Filter>
    </ClCompile>
    <ClCompile Include="..\3rdparty\lvgl\src\draw\sdl\lv_draw_sdl_label.c">
      <Filter>lvgl\src\draw\sdl</Filter>
    </ClCompile>
    <ClCompile Include="..\3rdparty\lvgl\src\draw\sdl\lv_draw_sdl_layer.c">
      <Filter>lvgl\src\draw\sdl</Filter>
    </ClCompile>
    <ClCompile Include="..\3rdparty\lvgl\src\draw\sdl\lv_draw_sdl_line.c">
      <Filter>lvgl\src\draw\sdl</Filter>
    </ClCompile>
    <ClCompile Include="..\3rdparty\lvgl\src\draw\sdl\lv_draw_sdl_mask.c">
      <Filter>lvgl\src\draw\sdl</Filter>
    </ClCompile>
    <ClCompile Include="..\3rdparty\lvgl\src\draw\sdl\lv_draw_sdl_polygon.c">
      <Filter>lvgl\src\draw\sdl</Filter>
    </ClCompile>
    <ClCompile Include="..\3rdparty\lvgl\src\draw\sdl\lv_draw_sdl_rect.c">
      <Filter>lvgl\src\draw\sdl</Filter>
    </ClCompile>
    <ClCompile Include="..\3rdparty\lvgl\src\draw\sdl\lv_draw_sdl_stack_blur.c">
      <Filter>lvgl\src\draw\sdl</Filter>
    </ClCompile>
    <ClCompile Include="..\3rdparty\lvgl\src\draw\sdl\lv_draw_sdl_texture_cache.c">
      <Filter>lvgl\src\draw\sdl</Filter>
    </ClCompile>
    <ClCompile Include="..\3rdparty\lvgl\src\draw\sdl\lv_draw_sdl_utils.c">
      <Filter>lvgl\src\draw\sdl</Filter>
    </ClCompile>
    <ClCompile Include="..\3rdparty\lvgl\src\draw\stm32_dma2d\lv_gpu_stm32_dma2d.c">
      <Filter>lvgl\src\draw\stm32_dma2d</Filter>
    </ClCompile>
    <ClCompile Include="..\3rdparty\lvgl\src\draw\sw\lv_draw_sw.c">
      <Filter>lvgl\src\draw\sw</Filter>
    </ClCompile>
    <ClCompile Include="..\3rdparty\lvgl\src\draw\sw\lv_draw_sw_arc.c">
      <Filter>lvgl\src\draw\sw</Filter>
    </ClCompile>
    <ClCompile Include="..\3rdparty\lvgl\src\draw\sw\lv_draw_sw_blend.c">
      <Filter>lvgl\src\draw\sw</Filter>
    </ClCompile>
    <ClCompile Include="..\3rdparty\lvgl\src\draw\sw\lv_draw_sw_dither.c">
      <Filter>lvgl\src\draw\sw</Filter>
    </ClCompile>
    <ClCompile Include="..\3rdparty\lvgl\src\draw\sw\lv_draw_sw_gradient.c">
      <Filter>lvgl\src\draw\sw</Filter>
    </ClCompile>
    <ClCompile Include="..\3rdparty\lvgl\src\draw\sw\lv_draw_sw_img.c">
      <Filter>lvgl\src\draw\sw</Filter>
    </ClCompile>
    <ClCompile Include="..\3rdparty\lvgl\src\draw\sw\lv_draw_sw_layer.c">
      <Filter>lvgl\src\draw\sw</Filter>
    </ClCompile>
    <ClCompile Include="..\3rdparty\lvgl\src\draw\sw\lv_draw_sw_letter.c">
      <Filter>lvgl\src\draw\sw</Filter>
    </ClCompile>
    <ClCompile Include="..\3rdparty\lvgl\src\draw\sw\lv_draw_sw_line.c">
      <Filter>lvgl\src\draw\sw</Filter>
    </ClCompile>
    <ClCompile Include="..\3rdparty\lvgl\src\draw\sw\lv_draw_sw_polygon.c">
      <Filter>lvgl\src\draw\sw</Filter>
    </ClCompile>
    <ClCompile Include="..\3rdparty\lvgl\src\draw\sw\lv_draw_sw_rect.c">
      <Filter>lvgl\src\draw\sw</Filter>
    </ClCompile>
    <ClCompile Include="..\3rdparty\lvgl\src\draw\sw\lv_draw_sw_transform.c">
      <Filter>lvgl\src\draw\sw</Filter>
    </ClCompile>
    <ClCompile Include="..\3rdparty\lvgl\src\draw\swm341_dma2d\lv_gpu_swm341_dma2d.c">
      <Filter>lvgl\src\draw\swm341_dma2d</Filter>
    </ClCompile>
    <ClCompile Include="..\3rdparty\lvgl\src\draw\lv_draw.c">
      <Filter>lvgl\src\draw</Filter>
    </ClCompile>
    <ClCompile Include="..\3rdparty\lvgl\src\draw\lv_draw_arc.c">
      <Filter>lvgl\src\draw</Filter>
    </ClCompile>
    <ClCompile Include="..\3rdparty\lvgl\src\draw\lv_draw_img.c">
      <Filter>lvgl\src\draw</Filter>
    </ClCompile>
    <ClCompile Include="..\3rdparty\lvgl\src\draw\lv_draw_label.c">
      <Filter>lvgl\src\draw</Filter>
    </ClCompile>
    <ClCompile Include="..\3rdparty\lvgl\src\draw\lv_draw_layer.c">
      <Filter>lvgl\src\draw</Filter>
    </ClCompile>
    <ClCompile Include="..\3rdparty\lvgl\src\draw\lv_draw_line.c">
      <Filter>lvgl\src\draw</Filter>
    </ClCompile>
    <ClCompile Include="..\3rdparty\lvgl\src\draw\lv_draw_mask.c">
      <Filter>lvgl\src\draw</Filter>
    </ClCompile>
    <ClCompile Include="..\3rdparty\lvgl\src\draw\lv_draw_rect.c">
      <Filter>lvgl\src\draw</Filter>
    </ClCompile>
    <ClCompile Include="..\3rdparty\lvgl\src\draw\lv_draw_transform.c">
      <Filter>lvgl\src\draw</Filter>
    </ClCompile>
    <ClCompile Include="..\3rdparty\lvgl\src\draw\lv_draw_triangle.c">
      <Filter>lvgl\src\draw</Filter>
    </ClCompile>
    <ClCompile Include="..\3rdparty\lvgl\src\draw\lv_img_buf.c">
      <Filter>lvgl\src\draw</Filter>
    </ClCompile>
    <ClCompile Include="..\3rdparty\lvgl\src\draw\lv_img_cache.c">
      <Filter>lvgl\src\draw</Filter>
    </ClCompile>
    <ClCompile Include="..\3rdparty\lvgl\src\draw\lv_img_decoder.c">
      <Filter>lvgl\src\draw</Filter>
    </ClCompile>
    <ClCompile Include="..\3rdparty\lvgl\src\layouts\flex\lv_flex.c">
      <Filter>lvgl\src\layouts\flex</Filter>
    </ClCompile>
    <ClCompile Include="..\3rdparty\lvgl\src\layouts\grid\lv_grid.c">
      <Filter>lvgl\src\layouts\grid</Filter>
    </ClCompile>
    <ClCompile Include="..\3rdparty\lvgl\src\libs\bmp\lv_bmp.c">
      <Filter>lvgl\src\libs\bmp</Filter>
    </ClCompile>
    <ClCompile Include="..\3rdparty\lvgl\src\libs\ffmpeg\lv_ffmpeg.c">
      <Filter>lvgl\src\libs\ffmpeg</Filter>
    </ClCompile>
    <ClCompile Include="..\3rdparty\lvgl\src\libs\freetype\lv_freetype.c">
      <Filter>lvgl\src\libs\freetype</Filter>
    </ClCompile>
    <ClCompile Include="..\3rdparty\lvgl\src\libs\fsdrv\lv_fs_fatfs.c">
      <Filter>lvgl\src\libs\fsdrv</Filter>
    </ClCompile>
    <ClCompile Include="..\3rdparty\lvgl\src\libs\fsdrv\lv_fs_posix.c">
      <Filter>lvgl\src\libs\fsdrv</Filter>
    </ClCompile>
    <ClCompile Include="..\3rdparty\lvgl\src\libs\fsdrv\lv_fs_stdio.c">
      <Filter>lvgl\src\libs\fsdrv</Filter>
    </ClCompile>
    <ClCompile Include="..\3rdparty\lvgl\src\libs\fsdrv\lv_fs_win32.c">
      <Filter>lvgl\src\libs\fsdrv</Filter>
    </ClCompile>
    <ClCompile Include="..\3rdparty\lvgl\src\libs\gif\gifdec.c">
      <Filter>lvgl\src\libs\gif</Filter>
    </ClCompile>
    <ClCompile Include="..\3rdparty\lvgl\src\libs\gif\lv_gif.c">
      <Filter>lvgl\src\libs\gif</Filter>
    </ClCompile>
    <ClCompile Include="..\3rdparty\lvgl\src\libs\png\lodepng.c">
      <Filter>lvgl\src\libs\png</Filter>
    </ClCompile>
    <ClCompile Include="..\3rdparty\lvgl\src\libs\png\lv_png.c">
      <Filter>lvgl\src\libs\png</Filter>
    </ClCompile>
    <ClCompile Include="..\3rdparty\lvgl\src\libs\qrcode\lv_qrcode.c">
      <Filter>lvgl\src\libs\qrcode</Filter>
    </ClCompile>
    <ClCompile Include="..\3rdparty\lvgl\src\libs\qrcode\qrcodegen.c">
      <Filter>lvgl\src\libs\qrcode</Filter>
    </ClCompile>
    <ClCompile Include="..\3rdparty\lvgl\src\libs\rlottie\lv_rlottie.c">
      <Filter>lvgl\src\libs\rlottie</Filter>
    </ClCompile>
    <ClCompile Include="..\3rdparty\lvgl\src\libs\sjpg\lv_sjpg.c">
      <Filter>lvgl\src\libs\sjpg</Filter>
    </ClCompile>
    <ClCompile Include="..\3rdparty\lvgl\src\libs\sjpg\tjpgd.c">
      <Filter>lvgl\src\libs\sjpg</Filter>
    </ClCompile>
    <ClCompile Include="..\3rdparty\lvgl\src\others\fragment\lv_fragment.c">
      <Filter>lvgl\src\others\fragment</Filter>
    </ClCompile>
    <ClCompile Include="..\3rdparty\lvgl\src\others\fragment\lv_fragment_manager.c">
      <Filter>lvgl\src\others\fragment</Filter>
    </ClCompile>
    <ClCompile Include="..\3rdparty\lvgl\src\others\gridnav\lv_gridnav.c">
      <Filter>lvgl\src\others\gridnav</Filter>
    </ClCompile>
    <ClCompile Include="..\3rdparty\lvgl\src\others\ime\lv_ime_pinyin.c">
      <Filter>lvgl\src\others\ime</Filter>
    </ClCompile>
    <ClCompile Include="..\3rdparty\lvgl\src\others\imgfont\lv_imgfont.c">
      <Filter>lvgl\src\others\imgfont</Filter>
    </ClCompile>
    <ClCompile Include="..\3rdparty\lvgl\src\others\monkey\lv_monkey.c">
      <Filter>lvgl\src\others\monkey</Filter>
    </ClCompile>
    <ClCompile Include="..\3rdparty\lvgl\src\others\msg\lv_msg.c">
      <Filter>lvgl\src\others\msg</Filter>
    </ClCompile>
    <ClCompile Include="..\3rdparty\lvgl\src\others\snapshot\lv_snapshot.c">
      <Filter>lvgl\src\others\snapshot</Filter>
    </ClCompile>
    <ClCompile Include="..\3rdparty\lvgl\src\themes\basic\lv_theme_basic.c">
      <Filter>lvgl\src\themes\basic</Filter>
    </ClCompile>
    <ClCompile Include="..\3rdparty\lvgl\src\themes\default\lv_theme_default.c">
      <Filter>lvgl\src\themes\default</Filter>
    </ClCompile>
    <ClCompile Include="..\3rdparty\lvgl\src\themes\mono\lv_theme_mono.c">
      <Filter>lvgl\src\themes\mono</Filter>
    </ClCompile>
    <ClCompile Include="..\3rdparty\lvgl\src\widgets\animimg\lv_animimg.c">
      <Filter>lvgl\src\widgets\animimg</Filter>
    </ClCompile>
    <ClCompile Include="..\3rdparty\lvgl\src\widgets\calendar\lv_calendar.c">
      <Filter>lvgl\src\widgets\calendar</Filter>
    </ClCompile>
    <ClCompile Include="..\3rdparty\lvgl\src\widgets\calendar\lv_calendar_header_arrow.c">
      <Filter>lvgl\src\widgets\calendar</Filter>
    </ClCompile>
    <ClCompile Include="..\3rdparty\lvgl\src\widgets\calendar\lv_calendar_header_dropdown.c">
      <Filter>lvgl\src\widgets\calendar</Filter>
    </ClCompile>
    <ClCompile Include="..\3rdparty\lvgl\src\widgets\chart\lv_chart.c">
      <Filter>lvgl\src\widgets\chart</Filter>
    </ClCompile>
    <ClCompile Include="..\3rdparty\lvgl\src\widgets\colorwheel\lv_colorwheel.c">
      <Filter>lvgl\src\widgets\colorwheel</Filter>
    </ClCompile>
    <ClCompile Include="..\3rdparty\lvgl\src\widgets\imgbtn\lv_imgbtn.c">
      <Filter>lvgl\src\widgets\imgbtn</Filter>
    </ClCompile>
    <ClCompile Include="..\3rdparty\lvgl\src\widgets\keyboard\lv_keyboard.c">
      <Filter>lvgl\src\widgets\keyboard</Filter>
    </ClCompile>
    <ClCompile Include="..\3rdparty\lvgl\src\widgets\led\lv_led.c">
      <Filter>lvgl\src\widgets\led</Filter>
    </ClCompile>
    <ClCompile Include="..\3rdparty\lvgl\src\widgets\list\lv_list.c">
      <Filter>lvgl\src\widgets\list</Filter>
    </ClCompile>
    <ClCompile Include="..\3rdparty\lvgl\src\widgets\menu\lv_menu.c">
      <Filter>lvgl\src\widgets\menu</Filter>
    </ClCompile>
    <ClCompile Include="..\3rdparty\lvgl\src\widgets\meter\lv_meter.c">
      <Filter>lvgl\src\widgets\meter</Filter>
    </ClCompile>
    <ClCompile Include="..\3rdparty\lvgl\src\widgets\msgbox\lv_msgbox.c">
      <Filter>lvgl\src\widgets\msgbox</Filter>
    </ClCompile>
    <ClCompile Include="..\3rdparty\lvgl\src\widgets\span\lv_span.c">
      <Filter>lvgl\src\widgets\span</Filter>
    </ClCompile>
    <ClCompile Include="..\3rdparty\lvgl\src\widgets\spinbox\lv_spinbox.c">
      <Filter>lvgl\src\widgets\spinbox</Filter>
    </ClCompile>
    <ClCompile Include="..\3rdparty\lvgl\src\widgets\spinner\lv_spinner.c">
      <Filter>lvgl\src\widgets\spinner</Filter>
    </ClCompile>
    <ClCompile Include="..\3rdparty\lvgl\src\widgets\tabview\lv_tabview.c">
      <Filter>lvgl\src\widgets\tabview</Filter>
    </ClCompile>
    <ClCompile Include="..\3rdparty\lvgl\src\widgets\tileview\lv_tileview.c">
      <Filter>lvgl\src\widgets\tileview</Filter>
    </ClCompile>
    <ClCompile Include="..\3rdparty\lvgl\src\widgets\win\lv_win.c">
      <Filter>lvgl\src\widgets\win</Filter>
    </ClCompile>
    <ClCompile Include="..\3rdparty\lvgl\src\font\lv_font.c">
      <Filter>lvgl\src\font</Filter>
    </ClCompile>
    <ClCompile Include="..\3rdparty\lvgl\src\font\lv_font_dejavu_16_persian_hebrew.c">
      <Filter>lvgl\src\font</Filter>
    </ClCompile>
    <ClCompile Include="..\3rdparty\lvgl\src\font\lv_font_fmt_txt.c">
      <Filter>lvgl\src\font</Filter>
    </ClCompile>
    <ClCompile Include="..\3rdparty\lvgl\src\font\lv_font_loader.c">
      <Filter>lvgl\src\font</Filter>
    </ClCompile>
    <ClCompile Include="..\3rdparty\lvgl\src\font\lv_font_montserrat_10.c">
      <Filter>lvgl\src\font</Filter>
    </ClCompile>
    <ClCompile Include="..\3rdparty\lvgl\src\font\lv_font_montserrat_12.c">
      <Filter>lvgl\src\font</Filter>
    </ClCompile>
    <ClCompile Include="..\3rdparty\lvgl\src\font\lv_font_montserrat_12_subpx.c">
      <Filter>lvgl\src\font</Filter>
    </ClCompile>
    <ClCompile Include="..\3rdparty\lvgl\src\font\lv_font_montserrat_14.c">
      <Filter>lvgl\src\font</Filter>
    </ClCompile>
    <ClCompile Include="..\3rdparty\lvgl\src\font\lv_font_montserrat_16.c">
      <Filter>lvgl\src\font</Filter>
    </ClCompile>
    <ClCompile Include="..\3rdparty\lvgl\src\font\lv_font_montserrat_18.c">
      <Filter>lvgl\src\font</Filter>
    </ClCompile>
    <ClCompile Include="..\3rdparty\lvgl\src\font\lv_font_montserrat_20.c">
      <Filter>lvgl\src\font</Filter>
    </ClCompile>
    <ClCompile Include="..\3rdparty\lvgl\src\font\lv_font_montserrat_22.c">
      <Filter>lvgl\src\font</Filter>
    </ClCompile>
    <ClCompile Include="..\3rdparty\lvgl\src\font\lv_font_montserrat_24.c">
      <Filter>lvgl\src\font</Filter>
    </ClCompile>
    <ClCompile Include="..\3rdparty\lvgl\src\font\lv_font_montserrat_26.c">
      <Filter>lvgl\src\font</Filter>
    </ClCompile>
    <ClCompile Include="..\3rdparty\lvgl\src\font\lv_font_montserrat_28.c">
      <Filter>lvgl\src\font</Filter>
    </ClCompile>
    <ClCompile Include="..\3rdparty\lvgl\src\font\lv_font_montserrat_28_compressed.c">
      <Filter>lvgl\src\font</Filter>
    </ClCompile>
    <ClCompile Include="..\3rdparty\lvgl\src\font\lv_font_montserrat_30.c">
      <Filter>lvgl\src\font</Filter>
    </ClCompile>
    <ClCompile Include="..\3rdparty\lvgl\src\font\lv_font_montserrat_32.c">
      <Filter>lvgl\src\font</Filter>
    </ClCompile>
    <ClCompile Include="..\3rdparty\lvgl\src\font\lv_font_montserrat_34.c">
      <Filter>lvgl\src\font</Filter>
    </ClCompile>
    <ClCompile Include="..\3rdparty\lvgl\src\font\lv_font_montserrat_36.c">
      <Filter>lvgl\src\font</Filter>
    </ClCompile>
    <ClCompile Include="..\3rdparty\lvgl\src\font\lv_font_montserrat_38.c">
      <Filter>lvgl\src\font</Filter>
    </ClCompile>
    <ClCompile Include="..\3rdparty\lvgl\src\font\lv_font_montserrat_40.c">
      <Filter>lvgl\src\font</Filter>
    </ClCompile>
    <ClCompile Include="..\3rdparty\lvgl\src\font\lv_font_montserrat_42.c">
      <Filter>lvgl\src\font</Filter>
    </ClCompile>
    <ClCompile Include="..\3rdparty\lvgl\src\font\lv_font_montserrat_44.c">
      <Filter>lvgl\src\font</Filter>
    </ClCompile>
    <ClCompile Include="..\3rdparty\lvgl\src\font\lv_font_montserrat_46.c">
      <Filter>lvgl\src\font</Filter>
    </ClCompile>
    <ClCompile Include="..\3rdparty\lvgl\src\font\lv_font_montserrat_48.c">
      <Filter>lvgl\src\font</Filter>
    </ClCompile>
    <ClCompile Include="..\3rdparty\lvgl\src\font\lv_font_montserrat_8.c">
      <Filter>lvgl\src\font</Filter>
    </ClCompile>
    <ClCompile Include="..\3rdparty\lvgl\src\font\lv_font_simsun_16_cjk.c">
      <Filter>lvgl\src\font</Filter>
    </ClCompile>
    <ClCompile Include="..\3rdparty\lvgl\src\font\lv_font_unscii_16.c">
      <Filter>lvgl\src\font</Filter>
    </ClCompile>
    <ClCompile Include="..\3rdparty\lvgl\src\font\lv_font_unscii_8.c">
      <Filter>lvgl\src\font</Filter>
    </ClCompile>
    <ClCompile Include="..\3rdparty\lvgl\src\hal\lv_hal_disp.c">
      <Filter>lvgl\src\hal</Filter>
    </ClCompile>
    <ClCompile Include="..\3rdparty\lvgl\src\hal\lv_hal_indev.c">
      <Filter>lvgl\src\hal</Filter>
    </ClCompile>
    <ClCompile Include="..\3rdparty\lvgl\src\hal\lv_hal_tick.c">
      <Filter>lvgl\src\hal</Filter>
    </ClCompile>
    <ClCompile Include="..\3rdparty\lvgl\src\misc\lv_anim.c">
      <Filter>lvgl\src\misc</Filter>
    </ClCompile>
    <ClCompile Include="..\3rdparty\lvgl\src\misc\lv_anim_timeline.c">
      <Filter>lvgl\src\misc</Filter>
    </ClCompile>
    <ClCompile Include="..\3rdparty\lvgl\src\misc\lv_area.c">
      <Filter>lvgl\src\misc</Filter>
    </ClCompile>
    <ClCompile Include="..\3rdparty\lvgl\src\misc\lv_async.c">
      <Filter>lvgl\src\misc</Filter>
    </ClCompile>
    <ClCompile Include="..\3rdparty\lvgl\src\misc\lv_bidi.c">
      <Filter>lvgl\src\misc</Filter>
    </ClCompile>
    <ClCompile Include="..\3rdparty\lvgl\src\misc\lv_color.c">
      <Filter>lvgl\src\misc</Filter>
    </ClCompile>
    <ClCompile Include="..\3rdparty\lvgl\src\misc\lv_fs.c">
      <Filter>lvgl\src\misc</Filter>
    </ClCompile>
    <ClCompile Include="..\3rdparty\lvgl\src\misc\lv_gc.c">
      <Filter>lvgl\src\misc</Filter>
    </ClCompile>
    <ClCompile Include="..\3rdparty\lvgl\src\misc\lv_ll.c">
      <Filter>lvgl\src\misc</Filter>
    </ClCompile>
    <ClCompile Include="..\3rdparty\lvgl\src\misc\lv_log.c">
      <Filter>lvgl\src\misc</Filter>
    </ClCompile>
    <ClCompile Include="..\3rdparty\lvgl\src\misc\lv_lru.c">
      <Filter>lvgl\src\misc</Filter>
    </ClCompile>
    <ClCompile Include="..\3rdparty\lvgl\src\misc\lv_malloc_builtin.c">
      <Filter>lvgl\src\misc</Filter>
    </ClCompile>
    <ClCompile Include="..\3rdparty\lvgl\src\misc\lv_math.c">
      <Filter>lvgl\src\misc</Filter>
    </ClCompile>
    <ClCompile Include="..\3rdparty\lvgl\src\misc\lv_mem.c">
      <Filter>lvgl\src\misc</Filter>
    </ClCompile>
    <ClCompile Include="..\3rdparty\lvgl\src\misc\lv_memcpy_builtin.c">
      <Filter>lvgl\src\misc</Filter>
    </ClCompile>
    <ClCompile Include="..\3rdparty\lvgl\src\misc\lv_printf.c">
      <Filter>lvgl\src\misc</Filter>
    </ClCompile>
    <ClCompile Include="..\3rdparty\lvgl\src\misc\lv_style.c">
      <Filter>lvgl\src\misc</Filter>
    </ClCompile>
    <ClCompile Include="..\3rdparty\lvgl\src\misc\lv_style_gen.c">
      <Filter>lvgl\src\misc</Filter>
    </ClCompile>
    <ClCompile Include="..\3rdparty\lvgl\src\misc\lv_templ.c">
      <Filter>lvgl\src\misc</Filter>
    </ClCompile>
    <ClCompile Include="..\3rdparty\lvgl\src\misc\lv_timer.c">
      <Filter>lvgl\src\misc</Filter>
    </ClCompile>
    <ClCompile Include="..\3rdparty\lvgl\src\misc\lv_tlsf.c">
      <Filter>lvgl\src\misc</Filter>
    </ClCompile>
    <ClCompile Include="..\3rdparty\lvgl\src\misc\lv_txt.c">
      <Filter>lvgl\src\misc</Filter>
    </ClCompile>
    <ClCompile Include="..\3rdparty\lvgl\src\misc\lv_txt_ap.c">
      <Filter>lvgl\src\misc</Filter>
    </ClCompile>
    <ClCompile Include="..\3rdparty\lvgl\src\misc\lv_utils.c">
      <Filter>lvgl\src\misc</Filter>
    </ClCompile>
    <ClCompile Include="..\3rdparty\lvgl\src\widgets\arc\lv_arc.c">
      <Filter>lvgl\src\widgets</Filter>
    </ClCompile>
    <ClCompile Include="..\3rdparty\lvgl\src\widgets\bar\lv_bar.c">
      <Filter>lvgl\src\widgets</Filter>
    </ClCompile>
    <ClCompile Include="..\3rdparty\lvgl\src\widgets\btn\lv_btn.c">
      <Filter>lvgl\src\widgets</Filter>
    </ClCompile>
    <ClCompile Include="..\3rdparty\lvgl\src\widgets\btnmatrix\lv_btnmatrix.c">
      <Filter>lvgl\src\widgets</Filter>
    </ClCompile>
    <ClCompile Include="..\3rdparty\lvgl\src\widgets\canvas\lv_canvas.c">
      <Filter>lvgl\src\widgets</Filter>
    </ClCompile>
    <ClCompile Include="..\3rdparty\lvgl\src\widgets\checkbox\lv_checkbox.c">
      <Filter>lvgl\src\widgets</Filter>
    </ClCompile>
    <ClCompile Include="..\3rdparty\lvgl\src\widgets\dropdown\lv_dropdown.c">
      <Filter>lvgl\src\widgets</Filter>
    </ClCompile>
    <ClCompile Include="..\3rdparty\lvgl\src\widgets\img\lv_img.c">
      <Filter>lvgl\src\widgets</Filter>
    </ClCompile>
    <ClCompile Include="..\3rdparty\lvgl\src\widgets\label\lv_label.c">
      <Filter>lvgl\src\widgets</Filter>
    </ClCompile>
    <ClCompile Include="..\3rdparty\lvgl\src\widgets\line\lv_line.c">
      <Filter>lvgl\src\widgets</Filter>
    </ClCompile>
    <ClCompile Include="..\3rdparty\lvgl\src\widgets\objx_templ\lv_objx_templ.c">
      <Filter>lvgl\src\widgets</Filter>
    </ClCompile>
    <ClCompile Include="..\3rdparty\lvgl\src\widgets\roller\lv_roller.c">
      <Filter>lvgl\src\widgets</Filter>
    </ClCompile>
    <ClCompile Include="..\3rdparty\lvgl\src\widgets\slider\lv_slider.c">
      <Filter>lvgl\src\widgets</Filter>
    </ClCompile>
    <ClCompile Include="..\3rdparty\lvgl\src\widgets\switch\lv_switch.c">
      <Filter>lvgl\src\widgets</Filter>
    </ClCompile>
    <ClCompile Include="..\3rdparty\lvgl\src\widgets\table\lv_table.c">
      <Filter>lvgl\src\widgets</Filter>
    </ClCompile>
    <ClCompile Include="..\3rdparty\lvgl\src\widgets\textarea\lv_textarea.c">
      <Filter>lvgl\src\widgets</Filter>
    </ClCompile>
  </ItemGroup>
  <ItemGroup>
    <None Include="..\3rdparty\lvgl\.github\ISSUE_TEMPLATE\bug-report.md">
      <Filter>lvgl\.github\ISSUE_TEMPLATE</Filter>
    </None>
    <None Include="..\3rdparty\lvgl\.github\ISSUE_TEMPLATE\config.yml">
      <Filter>lvgl\.github\ISSUE_TEMPLATE</Filter>
    </None>
    <None Include="..\3rdparty\lvgl\.github\ISSUE_TEMPLATE\dev-discussion.md">
      <Filter>lvgl\.github\ISSUE_TEMPLATE</Filter>
    </None>
    <None Include="..\3rdparty\lvgl\.github\workflows\arduino.yml">
      <Filter>lvgl\.github\workflows</Filter>
    </None>
    <None Include="..\3rdparty\lvgl\.github\workflows\build_micropython.yml">
      <Filter>lvgl\.github\workflows</Filter>
    </None>
    <None Include="..\3rdparty\lvgl\.github\workflows\ccpp.yml">
      <Filter>lvgl\.github\workflows</Filter>
    </None>
    <None Include="..\3rdparty\lvgl\.github\workflows\check_conf.yml">
      <Filter>lvgl\.github\workflows</Filter>
    </None>
    <None Include="..\3rdparty\lvgl\.github\workflows\check_style.yml">
      <Filter>lvgl\.github\workflows</Filter>
    </None>
    <None Include="..\3rdparty\lvgl\.github\workflows\close_old_issues.yml">
      <Filter>lvgl\.github\workflows</Filter>
    </None>
    <None Include="..\3rdparty\lvgl\.github\workflows\compile_docs.yml">
      <Filter>lvgl\.github\workflows</Filter>
    </None>
    <None Include="..\3rdparty\lvgl\.github\workflows\esp_upload_component.yml">
      <Filter>lvgl\.github\workflows</Filter>
    </None>
    <None Include="..\3rdparty\lvgl\.github\workflows\main.yml">
      <Filter>lvgl\.github\workflows</Filter>
    </None>
    <None Include="..\3rdparty\lvgl\.github\workflows\makefile.yml">
      <Filter>lvgl\.github\workflows</Filter>
    </None>
    <None Include="..\3rdparty\lvgl\.github\workflows\release.yml">
      <Filter>lvgl\.github\workflows</Filter>
    </None>
    <None Include="..\3rdparty\lvgl\.github\auto-comment.yml">
      <Filter>lvgl\.github</Filter>
    </None>
    <None Include="..\3rdparty\lvgl\.github\FUNDING.yml">
      <Filter>lvgl\.github</Filter>
    </None>
    <None Include="..\3rdparty\lvgl\.github\pull_request_template.md">
      <Filter>lvgl\.github</Filter>
    </None>
    <None Include="..\3rdparty\lvgl\docs\get-started\bindings\cpp.md">
      <Filter>lvgl\docs\get-started\bindings</Filter>
    </None>
    <None Include="..\3rdparty\lvgl\docs\get-started\bindings\index.md">
      <Filter>lvgl\docs\get-started\bindings</Filter>
    </None>
    <None Include="..\3rdparty\lvgl\docs\get-started\bindings\micropython.md">
      <Filter>lvgl\docs\get-started\bindings</Filter>
    </None>
    <None Include="..\3rdparty\lvgl\docs\get-started\os\freertos.md">
      <Filter>lvgl\docs\get-started\os</Filter>
    </None>
    <None Include="..\3rdparty\lvgl\docs\get-started\os\index.md">
      <Filter>lvgl\docs\get-started\os</Filter>
    </None>
    <None Include="..\3rdparty\lvgl\docs\get-started\os\nuttx.md">
      <Filter>lvgl\docs\get-started\os</Filter>
    </None>
    <None Include="..\3rdparty\lvgl\docs\get-started\os\rt-thread.md">
      <Filter>lvgl\docs\get-started\os</Filter>
    </None>
    <None Include="..\3rdparty\lvgl\docs\get-started\os\zephyr.md">
      <Filter>lvgl\docs\get-started\os</Filter>
    </None>
    <None Include="..\3rdparty\lvgl\docs\get-started\platforms\arduino.md">
      <Filter>lvgl\docs\get-started\platforms</Filter>
    </None>
    <None Include="..\3rdparty\lvgl\docs\get-started\platforms\cmake.md">
      <Filter>lvgl\docs\get-started\platforms</Filter>
    </None>
    <None Include="..\3rdparty\lvgl\docs\get-started\platforms\espressif.md">
      <Filter>lvgl\docs\get-started\platforms</Filter>
    </None>
    <None Include="..\3rdparty\lvgl\docs\get-started\platforms\index.md">
      <Filter>lvgl\docs\get-started\platforms</Filter>
    </None>
    <None Include="..\3rdparty\lvgl\docs\get-started\platforms\nxp.md">
      <Filter>lvgl\docs\get-started\platforms</Filter>
    </None>
    <None Include="..\3rdparty\lvgl\docs\get-started\platforms\pc-simulator.md">
      <Filter>lvgl\docs\get-started\platforms</Filter>
    </None>
    <None Include="..\3rdparty\lvgl\docs\get-started\platforms\stm32.md">
      <Filter>lvgl\docs\get-started\platforms</Filter>
    </None>
    <None Include="..\3rdparty\lvgl\docs\get-started\platforms\tasmota-berry.md">
      <Filter>lvgl\docs\get-started\platforms</Filter>
    </None>
    <None Include="..\3rdparty\lvgl\docs\get-started\index.md">
      <Filter>lvgl\docs\get-started</Filter>
    </None>
    <None Include="..\3rdparty\lvgl\docs\get-started\quick-overview.md">
      <Filter>lvgl\docs\get-started</Filter>
    </None>
    <None Include="..\3rdparty\lvgl\docs\intro\index.md">
      <Filter>lvgl\docs\intro</Filter>
    </None>
    <None Include="..\3rdparty\lvgl\docs\layouts\flex.md">
      <Filter>lvgl\docs\layouts</Filter>
    </None>
    <None Include="..\3rdparty\lvgl\docs\layouts\grid.md">
      <Filter>lvgl\docs\layouts</Filter>
    </None>
    <None Include="..\3rdparty\lvgl\docs\layouts\index.md">
      <Filter>lvgl\docs\layouts</Filter>
    </None>
    <None Include="..\3rdparty\lvgl\docs\libs\bmp.md">
      <Filter>lvgl\docs\libs</Filter>
    </None>
    <None Include="..\3rdparty\lvgl\docs\libs\ffmpeg.md">
      <Filter>lvgl\docs\libs</Filter>
    </None>
    <None Include="..\3rdparty\lvgl\docs\libs\freetype.md">
      <Filter>lvgl\docs\libs</Filter>
    </None>
    <None Include="..\3rdparty\lvgl\docs\libs\fsdrv.md">
      <Filter>lvgl\docs\libs</Filter>
    </None>
    <None Include="..\3rdparty\lvgl\docs\libs\gif.md">
      <Filter>lvgl\docs\libs</Filter>
    </None>
    <None Include="..\3rdparty\lvgl\docs\libs\index.md">
      <Filter>lvgl\docs\libs</Filter>
    </None>
    <None Include="..\3rdparty\lvgl\docs\libs\png.md">
      <Filter>lvgl\docs\libs</Filter>
    </None>
    <None Include="..\3rdparty\lvgl\docs\libs\qrcode.md">
      <Filter>lvgl\docs\libs</Filter>
    </None>
    <None Include="..\3rdparty\lvgl\docs\libs\rlottie.md">
      <Filter>lvgl\docs\libs</Filter>
    </None>
    <None Include="..\3rdparty\lvgl\docs\libs\sjpg.md">
      <Filter>lvgl\docs\libs</Filter>
    </None>
    <None Include="..\3rdparty\lvgl\docs\misc\align.png">
      <Filter>lvgl\docs\misc</Filter>
    </None>
    <None Include="..\3rdparty\lvgl\docs\misc\anim-timeline.png">
      <Filter>lvgl\docs\misc</Filter>
    </None>
    <None Include="..\3rdparty\lvgl\docs\misc\bidi.png">
      <Filter>lvgl\docs\misc</Filter>
    </None>
    <None Include="..\3rdparty\lvgl\docs\misc\boxmodel.png">
      <Filter>lvgl\docs\misc</Filter>
    </None>
    <None Include="..\3rdparty\lvgl\docs\misc\btn_example.png">
      <Filter>lvgl\docs\misc</Filter>
    </None>
    <None Include="..\3rdparty\lvgl\docs\misc\button_style_example.gif">
      <Filter>lvgl\docs\misc</Filter>
    </None>
    <None Include="..\3rdparty\lvgl\docs\misc\button_style_example.png">
      <Filter>lvgl\docs\misc</Filter>
    </None>
    <None Include="..\3rdparty\lvgl\docs\misc\codeblocks.jpg">
      <Filter>lvgl\docs\misc</Filter>
    </None>
    <None Include="..\3rdparty\lvgl\docs\misc\eclipse.jpg">
      <Filter>lvgl\docs\misc</Filter>
    </None>
    <None Include="..\3rdparty\lvgl\docs\misc\layers.png">
      <Filter>lvgl\docs\misc</Filter>
    </None>
    <None Include="..\3rdparty\lvgl\docs\misc\par_child1.png">
      <Filter>lvgl\docs\misc</Filter>
    </None>
    <None Include="..\3rdparty\lvgl\docs\misc\par_child2.png">
      <Filter>lvgl\docs\misc</Filter>
    </None>
    <None Include="..\3rdparty\lvgl\docs\misc\par_child3.png">
      <Filter>lvgl\docs\misc</Filter>
    </None>
    <None Include="..\3rdparty\lvgl\docs\misc\platformio.jpg">
      <Filter>lvgl\docs\misc</Filter>
    </None>
    <None Include="..\3rdparty\lvgl\docs\misc\qtcreator.jpg">
      <Filter>lvgl\docs\misc</Filter>
    </None>
    <None Include="..\3rdparty\lvgl\docs\misc\simple_button_example.gif">
      <Filter>lvgl\docs\misc</Filter>
    </None>
    <None Include="..\3rdparty\lvgl\docs\misc\simple_button_example.png">
      <Filter>lvgl\docs\misc</Filter>
    </None>
    <None Include="..\3rdparty\lvgl\docs\misc\symbols.png">
      <Filter>lvgl\docs\misc</Filter>
    </None>
    <None Include="..\3rdparty\lvgl\docs\misc\sys.png">
      <Filter>lvgl\docs\misc</Filter>
    </None>
    <None Include="..\3rdparty\lvgl\docs\misc\visualstudio.jpg">
      <Filter>lvgl\docs\misc</Filter>
    </None>
    <None Include="..\3rdparty\lvgl\docs\others\fragment.md">
      <Filter>lvgl\docs\others</Filter>
    </None>
    <None Include="..\3rdparty\lvgl\docs\others\gridnav.md">
      <Filter>lvgl\docs\others</Filter>
    </None>
    <None Include="..\3rdparty\lvgl\docs\others\ime_pinyin.md">
      <Filter>lvgl\docs\others</Filter>
    </None>
    <None Include="..\3rdparty\lvgl\docs\others\imgfont.md">
      <Filter>lvgl\docs\others</Filter>
    </None>
    <None Include="..\3rdparty\lvgl\docs\others\index.md">
      <Filter>lvgl\docs\others</Filter>
    </None>
    <None Include="..\3rdparty\lvgl\docs\others\monkey.md">
      <Filter>lvgl\docs\others</Filter>
    </None>
    <None Include="..\3rdparty\lvgl\docs\others\msg.md">
      <Filter>lvgl\docs\others</Filter>
    </None>
    <None Include="..\3rdparty\lvgl\docs\others\snapshot.md">
      <Filter>lvgl\docs\others</Filter>
    </None>
    <None Include="..\3rdparty\lvgl\docs\overview\renderers\arm-2d.md">
      <Filter>lvgl\docs\overview\renderers</Filter>
    </None>
    <None Include="..\3rdparty\lvgl\docs\overview\renderers\dma2d.md">
      <Filter>lvgl\docs\overview\renderers</Filter>
    </None>
    <None Include="..\3rdparty\lvgl\docs\overview\renderers\index.md">
      <Filter>lvgl\docs\overview\renderers</Filter>
    </None>
    <None Include="..\3rdparty\lvgl\docs\overview\renderers\pxp-vglite.md">
      <Filter>lvgl\docs\overview\renderers</Filter>
    </None>
    <None Include="..\3rdparty\lvgl\docs\overview\renderers\sdl.md">
      <Filter>lvgl\docs\overview\renderers</Filter>
    </None>
    <None Include="..\3rdparty\lvgl\docs\overview\renderers\sw.md">
      <Filter>lvgl\docs\overview\renderers</Filter>
    </None>
    <None Include="..\3rdparty\lvgl\docs\overview\animation.md">
      <Filter>lvgl\docs\overview</Filter>
    </None>
    <None Include="..\3rdparty\lvgl\docs\overview\color.md">
      <Filter>lvgl\docs\overview</Filter>
    </None>
    <None Include="..\3rdparty\lvgl\docs\overview\coords.md">
      <Filter>lvgl\docs\overview</Filter>
    </None>
    <None Include="..\3rdparty\lvgl\docs\overview\display.md">
      <Filter>lvgl\docs\overview</Filter>
    </None>
    <None Include="..\3rdparty\lvgl\docs\overview\drawing.md">
      <Filter>lvgl\docs\overview</Filter>
    </None>
    <None Include="..\3rdparty\lvgl\docs\overview\event.md">
      <Filter>lvgl\docs\overview</Filter>
    </None>
    <None Include="..\3rdparty\lvgl\docs\overview\file-system.md">
      <Filter>lvgl\docs\overview</Filter>
    </None>
    <None Include="..\3rdparty\lvgl\docs\overview\font.md">
      <Filter>lvgl\docs\overview</Filter>
    </None>
    <None Include="..\3rdparty\lvgl\docs\overview\image.md">
      <Filter>lvgl\docs\overview</Filter>
    </None>
    <None Include="..\3rdparty\lvgl\docs\overview\indev.md">
      <Filter>lvgl\docs\overview</Filter>
    </None>
    <None Include="..\3rdparty\lvgl\docs\overview\index.md">
      <Filter>lvgl\docs\overview</Filter>
    </None>
    <None Include="..\3rdparty\lvgl\docs\overview\layer.md">
      <Filter>lvgl\docs\overview</Filter>
    </None>
    <None Include="..\3rdparty\lvgl\docs\overview\new_widget.md">
      <Filter>lvgl\docs\overview</Filter>
    </None>
    <None Include="..\3rdparty\lvgl\docs\overview\object.md">
      <Filter>lvgl\docs\overview</Filter>
    </None>
    <None Include="..\3rdparty\lvgl\docs\overview\scroll.md">
      <Filter>lvgl\docs\overview</Filter>
    </None>
    <None Include="..\3rdparty\lvgl\docs\overview\style-props.md">
      <Filter>lvgl\docs\overview</Filter>
    </None>
    <None Include="..\3rdparty\lvgl\docs\overview\style.md">
      <Filter>lvgl\docs\overview</Filter>
    </None>
    <None Include="..\3rdparty\lvgl\docs\overview\timer.md">
      <Filter>lvgl\docs\overview</Filter>
    </None>
    <None Include="..\3rdparty\lvgl\docs\porting\display.md">
      <Filter>lvgl\docs\porting</Filter>
    </None>
    <None Include="..\3rdparty\lvgl\docs\porting\gpu.md">
      <Filter>lvgl\docs\porting</Filter>
    </None>
    <None Include="..\3rdparty\lvgl\docs\porting\indev.md">
      <Filter>lvgl\docs\porting</Filter>
    </None>
    <None Include="..\3rdparty\lvgl\docs\porting\index.md">
      <Filter>lvgl\docs\porting</Filter>
    </None>
    <None Include="..\3rdparty\lvgl\docs\porting\log.md">
      <Filter>lvgl\docs\porting</Filter>
    </None>
    <None Include="..\3rdparty\lvgl\docs\porting\os.md">
      <Filter>lvgl\docs\porting</Filter>
    </None>
    <None Include="..\3rdparty\lvgl\docs\porting\project.md">
      <Filter>lvgl\docs\porting</Filter>
    </None>
    <None Include="..\3rdparty\lvgl\docs\porting\sleep.md">
      <Filter>lvgl\docs\porting</Filter>
    </None>
    <None Include="..\3rdparty\lvgl\docs\porting\tick.md">
      <Filter>lvgl\docs\porting</Filter>
    </None>
    <None Include="..\3rdparty\lvgl\docs\porting\timer-handler.md">
      <Filter>lvgl\docs\porting</Filter>
    </None>
    <None Include="..\3rdparty\lvgl\docs\widgets\core\arc.md">
      <Filter>lvgl\docs\widgets\core</Filter>
    </None>
    <None Include="..\3rdparty\lvgl\docs\widgets\core\bar.md">
      <Filter>lvgl\docs\widgets\core</Filter>
    </None>
    <None Include="..\3rdparty\lvgl\docs\widgets\core\btn.md">
      <Filter>lvgl\docs\widgets\core</Filter>
    </None>
    <None Include="..\3rdparty\lvgl\docs\widgets\core\btnmatrix.md">
      <Filter>lvgl\docs\widgets\core</Filter>
    </None>
    <None Include="..\3rdparty\lvgl\docs\widgets\core\canvas.md">
      <Filter>lvgl\docs\widgets\core</Filter>
    </None>
    <None Include="..\3rdparty\lvgl\docs\widgets\core\checkbox.md">
      <Filter>lvgl\docs\widgets\core</Filter>
    </None>
    <None Include="..\3rdparty\lvgl\docs\widgets\core\dropdown.md">
      <Filter>lvgl\docs\widgets\core</Filter>
    </None>
    <None Include="..\3rdparty\lvgl\docs\widgets\core\img.md">
      <Filter>lvgl\docs\widgets\core</Filter>
    </None>
    <None Include="..\3rdparty\lvgl\docs\widgets\core\index.md">
      <Filter>lvgl\docs\widgets\core</Filter>
    </None>
    <None Include="..\3rdparty\lvgl\docs\widgets\core\label.md">
      <Filter>lvgl\docs\widgets\core</Filter>
    </None>
    <None Include="..\3rdparty\lvgl\docs\widgets\core\line.md">
      <Filter>lvgl\docs\widgets\core</Filter>
    </None>
    <None Include="..\3rdparty\lvgl\docs\widgets\core\roller.md">
      <Filter>lvgl\docs\widgets\core</Filter>
    </None>
    <None Include="..\3rdparty\lvgl\docs\widgets\core\slider.md">
      <Filter>lvgl\docs\widgets\core</Filter>
    </None>
    <None Include="..\3rdparty\lvgl\docs\widgets\core\switch.md">
      <Filter>lvgl\docs\widgets\core</Filter>
    </None>
    <None Include="..\3rdparty\lvgl\docs\widgets\core\table.md">
      <Filter>lvgl\docs\widgets\core</Filter>
    </None>
    <None Include="..\3rdparty\lvgl\docs\widgets\core\textarea.md">
      <Filter>lvgl\docs\widgets\core</Filter>
    </None>
    <None Include="..\3rdparty\lvgl\docs\widgets\animimg.md">
      <Filter>lvgl\docs\widgets</Filter>
    </None>
    <None Include="..\3rdparty\lvgl\docs\widgets\calendar.md">
      <Filter>lvgl\docs\widgets</Filter>
    </None>
    <None Include="..\3rdparty\lvgl\docs\widgets\chart.md">
      <Filter>lvgl\docs\widgets</Filter>
    </None>
    <None Include="..\3rdparty\lvgl\docs\widgets\colorwheel.md">
      <Filter>lvgl\docs\widgets</Filter>
    </None>
    <None Include="..\3rdparty\lvgl\docs\widgets\imgbtn.md">
      <Filter>lvgl\docs\widgets</Filter>
    </None>
    <None Include="..\3rdparty\lvgl\docs\widgets\index.md">
      <Filter>lvgl\docs\widgets</Filter>
    </None>
    <None Include="..\3rdparty\lvgl\docs\widgets\keyboard.md">
      <Filter>lvgl\docs\widgets</Filter>
    </None>
    <None Include="..\3rdparty\lvgl\docs\widgets\led.md">
      <Filter>lvgl\docs\widgets</Filter>
    </None>
    <None Include="..\3rdparty\lvgl\docs\widgets\list.md">
      <Filter>lvgl\docs\widgets</Filter>
    </None>
    <None Include="..\3rdparty\lvgl\docs\widgets\menu.md">
      <Filter>lvgl\docs\widgets</Filter>
    </None>
    <None Include="..\3rdparty\lvgl\docs\widgets\meter.md">
      <Filter>lvgl\docs\widgets</Filter>
    </None>
    <None Include="..\3rdparty\lvgl\docs\widgets\msgbox.md">
      <Filter>lvgl\docs\widgets</Filter>
    </None>
    <None Include="..\3rdparty\lvgl\docs\widgets\span.md">
      <Filter>lvgl\docs\widgets</Filter>
    </None>
    <None Include="..\3rdparty\lvgl\docs\widgets\spinbox.md">
      <Filter>lvgl\docs\widgets</Filter>
    </None>
    <None Include="..\3rdparty\lvgl\docs\widgets\spinner.md">
      <Filter>lvgl\docs\widgets</Filter>
    </None>
    <None Include="..\3rdparty\lvgl\docs\widgets\tabview.md">
      <Filter>lvgl\docs\widgets</Filter>
    </None>
    <None Include="..\3rdparty\lvgl\docs\widgets\tileview.md">
      <Filter>lvgl\docs\widgets</Filter>
    </None>
    <None Include="..\3rdparty\lvgl\docs\widgets\win.md">
      <Filter>lvgl\docs\widgets</Filter>
    </None>
    <None Include="..\3rdparty\lvgl\docs\widgets\obj.md">
      <Filter>lvgl\docs\widgets</Filter>
    </None>
    <None Include="..\3rdparty\lvgl\docs\_ext\lv_example.py">
      <Filter>lvgl\docs\_ext</Filter>
    </None>
    <None Include="..\3rdparty\lvgl\docs\_static\css\custom.css">
      <Filter>lvgl\docs\_static\css</Filter>
    </None>
    <None Include="..\3rdparty\lvgl\docs\_static\css\fontawesome.min.css">
      <Filter>lvgl\docs\_static\css</Filter>
    </None>
    <None Include="..\3rdparty\lvgl\docs\_static\img\home_1.png">
      <Filter>lvgl\docs\_static\img</Filter>
    </None>
    <None Include="..\3rdparty\lvgl\docs\_static\img\home_2.png">
      <Filter>lvgl\docs\_static\img</Filter>
    </None>
    <None Include="..\3rdparty\lvgl\docs\_static\img\home_3.png">
      <Filter>lvgl\docs\_static\img</Filter>
    </None>
    <None Include="..\3rdparty\lvgl\docs\_static\img\home_4.png">
      <Filter>lvgl\docs\_static\img</Filter>
    </None>
    <None Include="..\3rdparty\lvgl\docs\_static\img\home_5.png">
      <Filter>lvgl\docs\_static\img</Filter>
    </None>
    <None Include="..\3rdparty\lvgl\docs\_static\img\home_6.png">
      <Filter>lvgl\docs\_static\img</Filter>
    </None>
    <None Include="..\3rdparty\lvgl\docs\_static\img\home_banner.jpg">
      <Filter>lvgl\docs\_static\img</Filter>
    </None>
    <None Include="..\3rdparty\lvgl\docs\_static\js\custom.js">
      <Filter>lvgl\docs\_static\js</Filter>
    </None>
    <None Include="..\3rdparty\lvgl\docs\_templates\layout.html">
      <Filter>lvgl\docs\_templates</Filter>
    </None>
    <None Include="..\3rdparty\lvgl\docs\_templates\page.html">
      <Filter>lvgl\docs\_templates</Filter>
    </None>
    <None Include="..\3rdparty\lvgl\docs\build.py">
      <Filter>lvgl\docs</Filter>
    </None>
    <None Include="..\3rdparty\lvgl\docs\CHANGELOG.md">
      <Filter>lvgl\docs</Filter>
    </None>
    <None Include="..\3rdparty\lvgl\docs\CODE_OF_CONDUCT.md">
      <Filter>lvgl\docs</Filter>
    </None>
    <None Include="..\3rdparty\lvgl\docs\CODING_STYLE.md">
      <Filter>lvgl\docs</Filter>
    </None>
    <None Include="..\3rdparty\lvgl\docs\conf.py">
      <Filter>lvgl\docs</Filter>
    </None>
    <None Include="..\3rdparty\lvgl\docs\CONTRIBUTING.md">
      <Filter>lvgl\docs</Filter>
    </None>
    <None Include="..\3rdparty\lvgl\docs\example_list.py">
      <Filter>lvgl\docs</Filter>
    </None>
    <None Include="..\3rdparty\lvgl\docs\favicon.png">
      <Filter>lvgl\docs</Filter>
    </None>
    <None Include="..\3rdparty\lvgl\docs\index.md">
      <Filter>lvgl\docs</Filter>
    </None>
    <None Include="..\3rdparty\lvgl\docs\logo_lvgl.png">
      <Filter>lvgl\docs</Filter>
    </None>
    <None Include="..\3rdparty\lvgl\docs\requirements.txt">
      <Filter>lvgl\docs</Filter>
    </None>
    <None Include="..\3rdparty\lvgl\docs\ROADMAP.md">
      <Filter>lvgl\docs</Filter>
    </None>
    <None Include="..\3rdparty\lvgl\env_support\cmake\custom.cmake">
      <Filter>lvgl\env_support\cmake</Filter>
    </None>
    <None Include="..\3rdparty\lvgl\env_support\cmake\esp.cmake">
      <Filter>lvgl\env_support\cmake</Filter>
    </None>
    <None Include="..\3rdparty\lvgl\env_support\cmake\micropython.cmake">
      <Filter>lvgl\env_support\cmake</Filter>
    </None>
    <None Include="..\3rdparty\lvgl\env_support\cmake\zephyr.cmake">
      <Filter>lvgl\env_support\cmake</Filter>
    </None>
    <None Include="..\3rdparty\lvgl\env_support\cmsis-pack\gen_pack.sh">
      <Filter>lvgl\env_support\cmsis-pack</Filter>
    </None>
    <None Include="..\3rdparty\lvgl\env_support\cmsis-pack\LVGL.lvgl.1.0.6.pack">
      <Filter>lvgl\env_support\cmsis-pack</Filter>
    </None>
    <None Include="..\3rdparty\lvgl\env_support\cmsis-pack\LVGL.lvgl.pdsc">
      <Filter>lvgl\env_support\cmsis-pack</Filter>
    </None>
    <None Include="..\3rdparty\lvgl\env_support\cmsis-pack\LVGL.pidx">
      <Filter>lvgl\env_support\cmsis-pack</Filter>
    </None>
    <None Include="..\3rdparty\lvgl\env_support\cmsis-pack\lv_cmsis_pack.txt">
      <Filter>lvgl\env_support\cmsis-pack</Filter>
    </None>
    <None Include="..\3rdparty\lvgl\env_support\cmsis-pack\README.md">
      <Filter>lvgl\env_support\cmsis-pack</Filter>
    </None>
    <None Include="..\3rdparty\lvgl\env_support\rt-thread\SConscript">
      <Filter>lvgl\env_support\rt-thread</Filter>
    </None>
    <None Include="..\3rdparty\lvgl\env_support\zephyr\module.yml">
      <Filter>lvgl\env_support\zephyr</Filter>
    </None>
    <None Include="..\3rdparty\lvgl\scripts\built_in_font\built_in_font_gen.py">
      <Filter>lvgl\scripts\built_in_font</Filter>
    </None>
    <None Include="..\3rdparty\lvgl\scripts\built_in_font\DejaVuSans.ttf">
      <Filter>lvgl\scripts\built_in_font</Filter>
    </None>
    <None Include="..\3rdparty\lvgl\scripts\built_in_font\FontAwesome5-Solid+Brands+Regular.woff">
      <Filter>lvgl\scripts\built_in_font</Filter>
    </None>
    <None Include="..\3rdparty\lvgl\scripts\built_in_font\generate_all.py">
      <Filter>lvgl\scripts\built_in_font</Filter>
    </None>
    <None Include="..\3rdparty\lvgl\scripts\built_in_font\Montserrat-Medium.ttf">
      <Filter>lvgl\scripts\built_in_font</Filter>
    </None>
    <None Include="..\3rdparty\lvgl\scripts\built_in_font\SimSun.woff">
      <Filter>lvgl\scripts\built_in_font</Filter>
    </None>
    <None Include="..\3rdparty\lvgl\scripts\built_in_font\unscii-8.ttf">
      <Filter>lvgl\scripts\built_in_font</Filter>
    </None>
    <None Include="..\3rdparty\lvgl\scripts\release\com.py">
      <Filter>lvgl\scripts\release</Filter>
    </None>
    <None Include="..\3rdparty\lvgl\scripts\release\commits.txt">
      <Filter>lvgl\scripts\release</Filter>
    </None>
    <None Include="..\3rdparty\lvgl\scripts\release\patch.py">
      <Filter>lvgl\scripts\release</Filter>
    </None>
    <None Include="..\3rdparty\lvgl\scripts\release\release.py">
      <Filter>lvgl\scripts\release</Filter>
    </None>
    <None Include="..\3rdparty\lvgl\scripts\.gitignore">
      <Filter>lvgl\scripts</Filter>
    </None>
    <None Include="..\3rdparty\lvgl\scripts\build_html_examples.sh">
      <Filter>lvgl\scripts</Filter>
    </None>
    <None Include="..\3rdparty\lvgl\scripts\changelog-template.hbs">
      <Filter>lvgl\scripts</Filter>
    </None>
    <None Include="..\3rdparty\lvgl\scripts\changelog_gen.sh">
      <Filter>lvgl\scripts</Filter>
    </None>
    <None Include="..\3rdparty\lvgl\scripts\code-format.cfg">
      <Filter>lvgl\scripts</Filter>
    </None>
    <None Include="..\3rdparty\lvgl\scripts\code-format.py">
      <Filter>lvgl\scripts</Filter>
    </None>
    <None Include="..\3rdparty\lvgl\scripts\cppcheck_run.sh">
      <Filter>lvgl\scripts</Filter>
    </None>
    <None Include="..\3rdparty\lvgl\scripts\Doxyfile">
      <Filter>lvgl\scripts</Filter>
    </None>
    <None Include="..\3rdparty\lvgl\scripts\filetohex.py">
      <Filter>lvgl\scripts</Filter>
    </None>
    <None Include="..\3rdparty\lvgl\scripts\find_version.sh">
      <Filter>lvgl\scripts</Filter>
    </None>
    <None Include="..\3rdparty\lvgl\scripts\genexamplelist.sh">
      <Filter>lvgl\scripts</Filter>
    </None>
    <None Include="..\3rdparty\lvgl\scripts\infer_run.sh">
      <Filter>lvgl\scripts</Filter>
    </None>
    <None Include="..\3rdparty\lvgl\scripts\install-prerequisites.sh">
      <Filter>lvgl\scripts</Filter>
    </None>
    <None Include="..\3rdparty\lvgl\scripts\jpg_to_sjpg.py">
      <Filter>lvgl\scripts</Filter>
    </None>
    <None Include="..\3rdparty\lvgl\scripts\lv_conf_internal_gen.py">
      <Filter>lvgl\scripts</Filter>
    </None>
    <None Include="..\3rdparty\lvgl\scripts\style_api_gen.py">
      <Filter>lvgl\scripts</Filter>
    </None>
    <None Include="..\3rdparty\lvgl\src\core\lv_core.mk">
      <Filter>lvgl\src\core</Filter>
    </None>
    <None Include="..\3rdparty\lvgl\src\draw\arm2d\lv_draw_arm2d.mk">
      <Filter>lvgl\src\draw\arm2d</Filter>
    </None>
    <None Include="..\3rdparty\lvgl\src\draw\nxp\pxp\lv_draw_nxp_pxp.mk">
      <Filter>lvgl\src\draw\nxp\pxp</Filter>
    </None>
    <None Include="..\3rdparty\lvgl\src\draw\nxp\vglite\lv_draw_nxp_vglite.mk">
      <Filter>lvgl\src\draw\nxp\vglite</Filter>
    </None>
    <None Include="..\3rdparty\lvgl\src\draw\nxp\lv_draw_nxp.mk">
      <Filter>lvgl\src\draw\nxp</Filter>
    </None>
    <None Include="..\3rdparty\lvgl\src\draw\sdl\lv_draw_sdl.mk">
      <Filter>lvgl\src\draw\sdl</Filter>
    </None>
    <None Include="..\3rdparty\lvgl\src\draw\sdl\README.md">
      <Filter>lvgl\src\draw\sdl</Filter>
    </None>
    <None Include="..\3rdparty\lvgl\src\draw\stm32_dma2d\lv_draw_stm32_dma2d.mk">
      <Filter>lvgl\src\draw\stm32_dma2d</Filter>
    </None>
    <None Include="..\3rdparty\lvgl\src\draw\sw\lv_draw_sw.mk">
      <Filter>lvgl\src\draw\sw</Filter>
    </None>
    <None Include="..\3rdparty\lvgl\src\draw\swm341_dma2d\lv_draw_swm341_dma2d.mk">
      <Filter>lvgl\src\draw\swm341_dma2d</Filter>
    </None>
    <None Include="..\3rdparty\lvgl\src\draw\lv_draw.mk">
      <Filter>lvgl\src\draw</Filter>
    </None>
    <None Include="..\3rdparty\lvgl\src\libs\freetype\arial.ttf">
      <Filter>lvgl\src\libs\freetype</Filter>
    </None>
    <None Include="..\3rdparty\lvgl\src\others\fragment\README.md">
      <Filter>lvgl\src\others\fragment</Filter>
    </None>
    <None Include="..\3rdparty\lvgl\src\font\korean.ttf">
      <Filter>lvgl\src\font</Filter>
    </None>
    <None Include="..\3rdparty\lvgl\src\font\lv_font.mk">
      <Filter>lvgl\src\font</Filter>
    </None>
    <None Include="..\3rdparty\lvgl\src\hal\lv_hal.mk">
      <Filter>lvgl\src\hal</Filter>
    </None>
    <None Include="..\3rdparty\lvgl\src\misc\lv_misc.mk">
      <Filter>lvgl\src\misc</Filter>
    </None>
    <None Include="..\3rdparty\lvgl\src\widgets\lv_widgets.mk">
      <Filter>lvgl\src\widgets</Filter>
    </None>
    <None Include="..\3rdparty\lvgl\.codecov.yml">
      <Filter>lvgl</Filter>
    </None>
    <None Include="..\3rdparty\lvgl\.editorconfig">
      <Filter>lvgl</Filter>
    </None>
    <None Include="..\3rdparty\lvgl\.git">
      <Filter>lvgl</Filter>
    </None>
    <None Include="..\3rdparty\lvgl\.gitignore">
      <Filter>lvgl</Filter>
    </None>
    <None Include="..\3rdparty\lvgl\.pre-commit-config.yaml">
      <Filter>lvgl</Filter>
    </None>
    <None Include="..\3rdparty\lvgl\CMakeLists.txt">
      <Filter>lvgl</Filter>
    </None>
    <None Include="..\3rdparty\lvgl\component.mk">
      <Filter>lvgl</Filter>
    </None>
    <None Include="..\3rdparty\lvgl\idf_component.yml">
      <Filter>lvgl</Filter>
    </None>
    <None Include="..\3rdparty\lvgl\Kconfig">
      <Filter>lvgl</Filter>
    </None>
    <None Include="..\3rdparty\lvgl\library.json">
      <Filter>lvgl</Filter>
    </None>
    <None Include="..\3rdparty\lvgl\library.properties">
      <Filter>lvgl</Filter>
    </None>
    <None Include="..\3rdparty\lvgl\LICENCE.txt">
      <Filter>lvgl</Filter>
    </None>
    <None Include="..\3rdparty\lvgl\lvgl.mk">
      <Filter>lvgl</Filter>
    </None>
    <None Include="..\3rdparty\lvgl\README.md">
      <Filter>lvgl</Filter>
    </None>
    <None Include="..\3rdparty\lvgl\README_pt_BR.md">
      <Filter>lvgl</Filter>
    </None>
    <None Include="..\3rdparty\lvgl\README_zh.md">
      <Filter>lvgl</Filter>
    </None>
    <None Include="..\3rdparty\lvgl\SConscript">
      <Filter>lvgl</Filter>
    </None>
  </ItemGroup>
</Project>